// !$*UTF8*$!
{
	archiveVersion = 1;
	classes = {
	};
	objectVersion = 46;
	objects = {
/* Begin PBXBuildFile section */
		0207DA581B56EA530066E2B4 /* Images.xcassets in Resources */ = {isa = PBXBuildFile; fileRef = 0207DA571B56EA530066E2B4 /* Images.xcassets */; };
		1D3623260D0F684500981E51 /* AppDelegate.m in Sources */ = {isa = PBXBuildFile; fileRef = 1D3623250D0F684500981E51 /* AppDelegate.m */; };
		1D60589B0D05DD56006BFB54 /* main.m in Sources */ = {isa = PBXBuildFile; fileRef = 29B97316FDCFA39411CA2CEA /* main.m */; };
		301BF552109A68D80062928A /* libCordova.a in Frameworks */ = {isa = PBXBuildFile; fileRef = 301BF535109A57CC0062928A /* libCordova.a */; };
		302D95F114D2391D003F00A1 /* MainViewController.m in Sources */ = {isa = PBXBuildFile; fileRef = 302D95EF14D2391D003F00A1 /* MainViewController.m */; };
		302D95F214D2391D003F00A1 /* MainViewController.xib in Resources */ = {isa = PBXBuildFile; fileRef = 302D95F014D2391D003F00A1 /* MainViewController.xib */; };
		3047A5121AB8059700498E2A /* build-debug.xcconfig in Resources */ = {isa = PBXBuildFile; fileRef = 3047A50F1AB8059700498E2A /* build-debug.xcconfig */; };
		3047A5131AB8059700498E2A /* build-release.xcconfig in Resources */ = {isa = PBXBuildFile; fileRef = 3047A5101AB8059700498E2A /* build-release.xcconfig */; };
		3047A5141AB8059700498E2A /* build.xcconfig in Resources */ = {isa = PBXBuildFile; fileRef = 3047A5111AB8059700498E2A /* build.xcconfig */; };
		6AFF5BF91D6E424B00AB3073 /* CDVLaunchScreen.storyboard in Resources */ = {isa = PBXBuildFile; fileRef = 6AFF5BF81D6E424B00AB3073 /* CDVLaunchScreen.storyboard */; };
		E1A8DBA9159147D9A327BA99 /* UIImage+CropScaleOrientation.m in Sources */ = {isa = PBXBuildFile; fileRef = FFA5A152EDCC48679BBCE239 /* UIImage+CropScaleOrientation.m */; };
		248360EABB9A41EB84EE40DD /* CDVCamera.m in Sources */ = {isa = PBXBuildFile; fileRef = CB982ABFAA894DFD840F0202 /* CDVCamera.m */; };
		AA63ECC992634AA28139EE4E /* CDVJpegHeaderWriter.m in Sources */ = {isa = PBXBuildFile; fileRef = BFA3B1939D184607B51A7610 /* CDVJpegHeaderWriter.m */; };
		21D308724C254A479C2D25BE /* ImageIO.framework in Frameworks */ = {isa = PBXBuildFile; fileRef = 89C2186143DC49329E9A54CF /* ImageIO.framework */; settings = {ATTRIBUTES = (Weak, ); }; };
		DD65916E79C1435A801400A1 /* CoreLocation.framework in Frameworks */ = {isa = PBXBuildFile; fileRef = 335E15F53AE244AB9BDA3BBB /* CoreLocation.framework */; };
		D41C51ACC22B4DB78677C4C8 /* AVFoundation.framework in Frameworks */ = {isa = PBXBuildFile; fileRef = 34D436556A8346338A5BE189 /* AVFoundation.framework */; };
		209DD9F6DF7240D6A99108E7 /* CDVDevice.m in Sources */ = {isa = PBXBuildFile; fileRef = 2D2EFE98FFE84DCE8D14778F /* CDVDevice.m */; };
		7D8CDB7FFA7A431FAE91B943 /* CDVNotification.m in Sources */ = {isa = PBXBuildFile; fileRef = BF79703B66A1450182704C5B /* CDVNotification.m */; };
		3FAE5C36F35546C6852D2C0A /* CDVNotification.bundle in Resources */ = {isa = PBXBuildFile; fileRef = 8A3BD1D0D85C404EB98E0278 /* CDVNotification.bundle */; };
		E67CB82F0CA64CD1AD89AD65 /* AudioToolbox.framework in Frameworks */ = {isa = PBXBuildFile; fileRef = EEEEDA65875544269C8256B3 /* AudioToolbox.framework */; settings = {ATTRIBUTES = (Weak, ); }; };
		5C3E1FE2ED394C578B9DA720 /* CDVFile.m in Sources */ = {isa = PBXBuildFile; fileRef = 66DC89753D0A4AA7BEC97419 /* CDVFile.m */; };
		0FA752E5E0A145BF801C62DA /* CDVLocalFilesystem.m in Sources */ = {isa = PBXBuildFile; fileRef = 7DB7D01ECAB348FDBFF5F4E6 /* CDVLocalFilesystem.m */; };
		0713BF7C02D24FAFB4D61732 /* CDVAssetLibraryFilesystem.m in Sources */ = {isa = PBXBuildFile; fileRef = 5E0AF19F6F484AE1BDE3B0EE /* CDVAssetLibraryFilesystem.m */; };
		9FEF2125EEB74592A6D20F66 /* CDVIonicKeyboard.m in Sources */ = {isa = PBXBuildFile; fileRef = 921E68ADED1841D8972B75DD /* CDVIonicKeyboard.m */; };
		A802D3C0CCC24C10A93D4AA5 /* CDVWKWebViewEngine.m in Sources */ = {isa = PBXBuildFile; fileRef = 7CB4BFAF6D7842D3B8E7ADE4 /* CDVWKWebViewEngine.m */; };
		BD3E64C31C224B68BE80DD1D /* CDVWKWebViewUIDelegate.m in Sources */ = {isa = PBXBuildFile; fileRef = 552211AAA43E41F7B7EB23BB /* CDVWKWebViewUIDelegate.m */; };
		6D5087608BB54B0DA238A1E9 /* CDVWKProcessPoolFactory.m in Sources */ = {isa = PBXBuildFile; fileRef = 1FAAACB2E47B44F0BB143EAF /* CDVWKProcessPoolFactory.m */; };
		7C435F5BAAF34D8C9B6863AE /* GCDWebServer.m in Sources */ = {isa = PBXBuildFile; fileRef = 9724C0C74E1A4CD18C48AF3E /* GCDWebServer.m */; };
		22904391BFCE448F937920E4 /* GCDWebServerConnection.m in Sources */ = {isa = PBXBuildFile; fileRef = 50F3FBDBC3644F56BC9A5CA0 /* GCDWebServerConnection.m */; };
		73691C72B5D54B6996674F6D /* GCDWebServerFunctions.m in Sources */ = {isa = PBXBuildFile; fileRef = F537B519A3594DB8801272C9 /* GCDWebServerFunctions.m */; };
		A2D37EB04BF64DF8B3D8F0C0 /* GCDWebServerRequest.m in Sources */ = {isa = PBXBuildFile; fileRef = 00891A7B4AB54633B492DCE2 /* GCDWebServerRequest.m */; };
		517514AA5FF144158A5F6C15 /* GCDWebServerResponse.m in Sources */ = {isa = PBXBuildFile; fileRef = 1006835B00C8492089B36423 /* GCDWebServerResponse.m */; };
		82C3698075074872A068CCFB /* GCDWebServerDataRequest.m in Sources */ = {isa = PBXBuildFile; fileRef = CB8B7FFF687D45608FCAF2DF /* GCDWebServerDataRequest.m */; };
		8ABDB191215D49B598BD4B82 /* GCDWebServerFileRequest.m in Sources */ = {isa = PBXBuildFile; fileRef = A556CFB44AF448D0A532DF90 /* GCDWebServerFileRequest.m */; };
		5223FDF128EB4255A3F13131 /* GCDWebServerMultiPartFormRequest.m in Sources */ = {isa = PBXBuildFile; fileRef = 7BA592B3966441E2ACA5199A /* GCDWebServerMultiPartFormRequest.m */; };
		28BA368437F84392B496C82B /* GCDWebServerURLEncodedFormRequest.m in Sources */ = {isa = PBXBuildFile; fileRef = D0DB0155E3684CA5BA33159C /* GCDWebServerURLEncodedFormRequest.m */; };
		D5EE049990D54FC191E3495F /* GCDWebServerDataResponse.m in Sources */ = {isa = PBXBuildFile; fileRef = 2BB73F18F7A246619B83FB2F /* GCDWebServerDataResponse.m */; };
		C08585B44D604F1CA49AFCFC /* GCDWebServerErrorResponse.m in Sources */ = {isa = PBXBuildFile; fileRef = 7D62ADFB842140A385B81052 /* GCDWebServerErrorResponse.m */; };
		D9D871A7D31244739EA12DED /* GCDWebServerFileResponse.m in Sources */ = {isa = PBXBuildFile; fileRef = FD43F955A26B49D3AFD2DE96 /* GCDWebServerFileResponse.m */; };
		BC3F310A0F354867A99CCE27 /* GCDWebServerStreamedResponse.m in Sources */ = {isa = PBXBuildFile; fileRef = 06D27DF980C44A888B6B619E /* GCDWebServerStreamedResponse.m */; };
		B37CFE4AAEB04BA8AE5E8973 /* WebKit.framework in Frameworks */ = {isa = PBXBuildFile; fileRef = DFBE0A39FF744C24A5CB0541 /* WebKit.framework */; settings = {ATTRIBUTES = (Weak, ); }; };
		2C88B08FAD524772BAB646C2 /* libz.tbd in Frameworks */ = {isa = PBXBuildFile; fileRef = CCC4FB270ADB43F8BA5C6E43 /* libz.tbd */; };
		68FB7185CFDD4287918AF72E /* CDVSplashScreen.m in Sources */ = {isa = PBXBuildFile; fileRef = 68FB8CBADF8446A1AA56001A /* CDVSplashScreen.m */; };
		A7586C4082EF44E49375A553 /* CDVViewController+SplashScreen.m in Sources */ = {isa = PBXBuildFile; fileRef = B25C6C697076423AB2625090 /* CDVViewController+SplashScreen.m */; };
		536F9D9954C24BC4919347EA /* CDVStatusBar.m in Sources */ = {isa = PBXBuildFile; fileRef = 70A58969A37A40DE81F6EB8F /* CDVStatusBar.m */; };
		F2FFF81051494597B3CACE6C /* NfcPlugin.m in Sources */ = {isa = PBXBuildFile; fileRef = 2D2653ED28934040BFE3E5BA /* NfcPlugin.m */; };
		E083C56ACAA342F0B1E2095C /* CoreNFC.framework in Frameworks */ = {isa = PBXBuildFile; fileRef = 17A6E943A9E141BD9D4FA22C /* CoreNFC.framework */; };
		AFFCDD33E5924178930BEEEA /* CDVBarcodeScanner.mm in Resources */ = {isa = PBXBuildFile; fileRef = A38CAFFAF7F848B59CEB3422 /* CDVBarcodeScanner.mm */; };
		A62E345F7ABC4596AD77AC5E /* scannerOverlay.xib in Resources */ = {isa = PBXBuildFile; fileRef = 3F44790C24524126A17C9407 /* scannerOverlay.xib */; };
		A33B8E56345849B1A4562BB5 /* CDVBarcodeScanner.bundle in Resources */ = {isa = PBXBuildFile; fileRef = 5B191C386B044170BBE69618 /* CDVBarcodeScanner.bundle */; };
/* End PBXBuildFile section */

/* Begin PBXContainerItemProxy section */
		301BF534109A57CC0062928A /* PBXContainerItemProxy */ = {
			isa = PBXContainerItemProxy;
			containerPortal = 301BF52D109A57CC0062928A /* CordovaLib.xcodeproj */;
			proxyType = 2;
			remoteGlobalIDString = D2AAC07E0554694100DB518D;
			remoteInfo = CordovaLib;
		};
		301BF550109A68C00062928A /* PBXContainerItemProxy */ = {
			isa = PBXContainerItemProxy;
			containerPortal = 301BF52D109A57CC0062928A /* CordovaLib.xcodeproj */;
			proxyType = 1;
			remoteGlobalIDString = D2AAC07D0554694100DB518D;
			remoteInfo = CordovaLib;
		};
/* End PBXContainerItemProxy section */

/* Begin PBXFileReference section */
		0207DA571B56EA530066E2B4 /* Images.xcassets */ = {isa = PBXFileReference; lastKnownFileType = folder.assetcatalog; name = Images.xcassets; path = "NFC App/Images.xcassets"; sourceTree = SOURCE_ROOT; };
		1D3623240D0F684500981E51 /* AppDelegate.h */ = {isa = PBXFileReference; fileEncoding = 4; lastKnownFileType = sourcecode.c.h; path = AppDelegate.h; sourceTree = "<group>"; };
		1D3623250D0F684500981E51 /* AppDelegate.m */ = {isa = PBXFileReference; fileEncoding = 4; lastKnownFileType = sourcecode.c.objc; path = AppDelegate.m; sourceTree = "<group>"; };
		1D6058910D05DD3D006BFB54 /* NFC App.app */ = {isa = PBXFileReference; explicitFileType = wrapper.application; includeInIndex = 0; path = "NFC App.app"; sourceTree = BUILT_PRODUCTS_DIR; };
		29B97316FDCFA39411CA2CEA /* main.m */ = {isa = PBXFileReference; fileEncoding = 4; lastKnownFileType = sourcecode.c.objc; path = main.m; sourceTree = "<group>"; };
		301BF52D109A57CC0062928A /* CordovaLib.xcodeproj */ = {isa = PBXFileReference; lastKnownFileType = "wrapper.pb-project"; name = CordovaLib.xcodeproj; path = CordovaLib/CordovaLib.xcodeproj; sourceTree = "<group>"; };
		301BF56E109A69640062928A /* www */ = {isa = PBXFileReference; lastKnownFileType = folder; path = www; sourceTree = SOURCE_ROOT; };
		302D95EE14D2391D003F00A1 /* MainViewController.h */ = {isa = PBXFileReference; fileEncoding = 4; lastKnownFileType = sourcecode.c.h; path = MainViewController.h; sourceTree = "<group>"; };
		302D95EF14D2391D003F00A1 /* MainViewController.m */ = {isa = PBXFileReference; fileEncoding = 4; lastKnownFileType = sourcecode.c.objc; path = MainViewController.m; sourceTree = "<group>"; };
		302D95F014D2391D003F00A1 /* MainViewController.xib */ = {isa = PBXFileReference; fileEncoding = 4; lastKnownFileType = file.xib; path = MainViewController.xib; sourceTree = "<group>"; };
		3047A50F1AB8059700498E2A /* build-debug.xcconfig */ = {isa = PBXFileReference; fileEncoding = 4; lastKnownFileType = text.xcconfig; name = "build-debug.xcconfig"; path = cordova/build-debug.xcconfig; sourceTree = SOURCE_ROOT; };
		3047A5101AB8059700498E2A /* build-release.xcconfig */ = {isa = PBXFileReference; fileEncoding = 4; lastKnownFileType = text.xcconfig; name = "build-release.xcconfig"; path = cordova/build-release.xcconfig; sourceTree = SOURCE_ROOT; };
		3047A5111AB8059700498E2A /* build.xcconfig */ = {isa = PBXFileReference; fileEncoding = 4; lastKnownFileType = text.xcconfig; name = build.xcconfig; path = cordova/build.xcconfig; sourceTree = SOURCE_ROOT; };
		32CA4F630368D1EE00C91783 /* NFC App-Prefix.pch */ = {isa = PBXFileReference; fileEncoding = 4; lastKnownFileType = sourcecode.c.h; path = "NFC App-Prefix.pch"; sourceTree = "<group>"; };
		6AFF5BF81D6E424B00AB3073 /* CDVLaunchScreen.storyboard */ = {isa = PBXFileReference; fileEncoding = 4; lastKnownFileType = file.storyboard; name = CDVLaunchScreen.storyboard; path = "NFC App/CDVLaunchScreen.storyboard"; sourceTree = SOURCE_ROOT; };
		8D1107310486CEB800E47090 /* NFC App-Info.plist */ = {isa = PBXFileReference; fileEncoding = 4; lastKnownFileType = text.plist.xml; name = "NFC App-Info.plist"; path = "NFC App/NFC App-Info.plist"; plistStructureDefinitionIdentifier = "com.apple.xcode.plist.structure-definition.iphone.info-plist"; sourceTree = SOURCE_ROOT; };
		EB87FDF31871DA8E0020F90C /* www */ = {isa = PBXFileReference; lastKnownFileType = folder; name = www; path = ../../www; sourceTree = "<group>"; };
		EB87FDF41871DAF40020F90C /* config.xml */ = {isa = PBXFileReference; lastKnownFileType = text.xml; name = config.xml; path = ../../config.xml; sourceTree = "<group>"; };
		F840E1F0165FE0F500CFE078 /* config.xml */ = {isa = PBXFileReference; lastKnownFileType = text.xml; name = config.xml; path = "NFC App/config.xml"; sourceTree = "<group>"; };
		ED33DF2A687741AEAF9F8254 /* Bridging-Header.h */ = {isa = PBXFileReference; fileEncoding = 4; lastKnownFileType = sourcecode.c.h; name = "Bridging-Header.h"; path = "Bridging-Header.h"; sourceTree = "<group>"; };
		FFA5A152EDCC48679BBCE239 /* UIImage+CropScaleOrientation.m */ = {isa = PBXFileReference; name = "UIImage+CropScaleOrientation.m"; path = "cordova-plugin-camera/UIImage+CropScaleOrientation.m"; sourceTree = "<group>"; fileEncoding = 4; lastKnownFileType = sourcecode.c.objc; explicitFileType = undefined; includeInIndex = 0; };
		CB982ABFAA894DFD840F0202 /* CDVCamera.m */ = {isa = PBXFileReference; name = "CDVCamera.m"; path = "cordova-plugin-camera/CDVCamera.m"; sourceTree = "<group>"; fileEncoding = 4; lastKnownFileType = sourcecode.c.objc; explicitFileType = undefined; includeInIndex = 0; };
		BFA3B1939D184607B51A7610 /* CDVJpegHeaderWriter.m */ = {isa = PBXFileReference; name = "CDVJpegHeaderWriter.m"; path = "cordova-plugin-camera/CDVJpegHeaderWriter.m"; sourceTree = "<group>"; fileEncoding = 4; lastKnownFileType = sourcecode.c.objc; explicitFileType = undefined; includeInIndex = 0; };
		A8474FF3C07C46488B5A987C /* UIImage+CropScaleOrientation.h */ = {isa = PBXFileReference; name = "UIImage+CropScaleOrientation.h"; path = "cordova-plugin-camera/UIImage+CropScaleOrientation.h"; sourceTree = "<group>"; fileEncoding = 4; lastKnownFileType = sourcecode.c.h; explicitFileType = undefined; includeInIndex = 0; };
		B549D3EEA2A84D828F89CBDC /* CDVCamera.h */ = {isa = PBXFileReference; name = "CDVCamera.h"; path = "cordova-plugin-camera/CDVCamera.h"; sourceTree = "<group>"; fileEncoding = 4; lastKnownFileType = sourcecode.c.h; explicitFileType = undefined; includeInIndex = 0; };
		2B653D0456584C8CADF4DD27 /* CDVJpegHeaderWriter.h */ = {isa = PBXFileReference; name = "CDVJpegHeaderWriter.h"; path = "cordova-plugin-camera/CDVJpegHeaderWriter.h"; sourceTree = "<group>"; fileEncoding = 4; lastKnownFileType = sourcecode.c.h; explicitFileType = undefined; includeInIndex = 0; };
		CC1854BCF4814749BFA90A24 /* CDVExif.h */ = {isa = PBXFileReference; name = "CDVExif.h"; path = "cordova-plugin-camera/CDVExif.h"; sourceTree = "<group>"; fileEncoding = 4; lastKnownFileType = sourcecode.c.h; explicitFileType = undefined; includeInIndex = 0; };
		89C2186143DC49329E9A54CF /* ImageIO.framework */ = {isa = PBXFileReference; name = "ImageIO.framework"; path = "System/Library/Frameworks/ImageIO.framework"; sourceTree = SDKROOT; fileEncoding = undefined; lastKnownFileType = wrapper.framework; explicitFileType = undefined; includeInIndex = 0; };
		335E15F53AE244AB9BDA3BBB /* CoreLocation.framework */ = {isa = PBXFileReference; name = "CoreLocation.framework"; path = "System/Library/Frameworks/CoreLocation.framework"; sourceTree = SDKROOT; fileEncoding = undefined; lastKnownFileType = wrapper.framework; explicitFileType = undefined; includeInIndex = 0; };
		34D436556A8346338A5BE189 /* AVFoundation.framework */ = {isa = PBXFileReference; name = "AVFoundation.framework"; path = "System/Library/Frameworks/AVFoundation.framework"; sourceTree = SDKROOT; fileEncoding = undefined; lastKnownFileType = wrapper.framework; explicitFileType = undefined; includeInIndex = 0; };
		2D2EFE98FFE84DCE8D14778F /* CDVDevice.m */ = {isa = PBXFileReference; name = "CDVDevice.m"; path = "cordova-plugin-device/CDVDevice.m"; sourceTree = "<group>"; fileEncoding = 4; lastKnownFileType = sourcecode.c.objc; explicitFileType = undefined; includeInIndex = 0; };
		6808E1D563174743BFCE5528 /* CDVDevice.h */ = {isa = PBXFileReference; name = "CDVDevice.h"; path = "cordova-plugin-device/CDVDevice.h"; sourceTree = "<group>"; fileEncoding = 4; lastKnownFileType = sourcecode.c.h; explicitFileType = undefined; includeInIndex = 0; };
		BF79703B66A1450182704C5B /* CDVNotification.m */ = {isa = PBXFileReference; name = "CDVNotification.m"; path = "cordova-plugin-dialogs/CDVNotification.m"; sourceTree = "<group>"; fileEncoding = 4; lastKnownFileType = sourcecode.c.objc; explicitFileType = undefined; includeInIndex = 0; };
		26C09A6AD13E425AA05F0BF7 /* CDVNotification.h */ = {isa = PBXFileReference; name = "CDVNotification.h"; path = "cordova-plugin-dialogs/CDVNotification.h"; sourceTree = "<group>"; fileEncoding = 4; lastKnownFileType = sourcecode.c.h; explicitFileType = undefined; includeInIndex = 0; };
		8A3BD1D0D85C404EB98E0278 /* CDVNotification.bundle */ = {isa = PBXFileReference; name = "CDVNotification.bundle"; path = "CDVNotification.bundle"; sourceTree = "<group>"; fileEncoding = undefined; lastKnownFileType = wrapper.plug-in; explicitFileType = undefined; includeInIndex = 0; };
		EEEEDA65875544269C8256B3 /* AudioToolbox.framework */ = {isa = PBXFileReference; name = "AudioToolbox.framework"; path = "System/Library/Frameworks/AudioToolbox.framework"; sourceTree = SDKROOT; fileEncoding = undefined; lastKnownFileType = wrapper.framework; explicitFileType = undefined; includeInIndex = 0; };
		66DC89753D0A4AA7BEC97419 /* CDVFile.m */ = {isa = PBXFileReference; name = "CDVFile.m"; path = "cordova-plugin-file/CDVFile.m"; sourceTree = "<group>"; fileEncoding = 4; lastKnownFileType = sourcecode.c.objc; explicitFileType = undefined; includeInIndex = 0; };
		7DB7D01ECAB348FDBFF5F4E6 /* CDVLocalFilesystem.m */ = {isa = PBXFileReference; name = "CDVLocalFilesystem.m"; path = "cordova-plugin-file/CDVLocalFilesystem.m"; sourceTree = "<group>"; fileEncoding = 4; lastKnownFileType = sourcecode.c.objc; explicitFileType = undefined; includeInIndex = 0; };
		5E0AF19F6F484AE1BDE3B0EE /* CDVAssetLibraryFilesystem.m */ = {isa = PBXFileReference; name = "CDVAssetLibraryFilesystem.m"; path = "cordova-plugin-file/CDVAssetLibraryFilesystem.m"; sourceTree = "<group>"; fileEncoding = 4; lastKnownFileType = sourcecode.c.objc; explicitFileType = undefined; includeInIndex = 0; };
		4EC29DB55A6D4E63BA7FBCE6 /* CDVFile.h */ = {isa = PBXFileReference; name = "CDVFile.h"; path = "cordova-plugin-file/CDVFile.h"; sourceTree = "<group>"; fileEncoding = 4; lastKnownFileType = sourcecode.c.h; explicitFileType = undefined; includeInIndex = 0; };
		2FBF8FE94BEF4182AE45A017 /* CDVLocalFilesystem.h */ = {isa = PBXFileReference; name = "CDVLocalFilesystem.h"; path = "cordova-plugin-file/CDVLocalFilesystem.h"; sourceTree = "<group>"; fileEncoding = 4; lastKnownFileType = sourcecode.c.h; explicitFileType = undefined; includeInIndex = 0; };
		96F610D578854BCD94F5776D /* CDVAssetLibraryFilesystem.h */ = {isa = PBXFileReference; name = "CDVAssetLibraryFilesystem.h"; path = "cordova-plugin-file/CDVAssetLibraryFilesystem.h"; sourceTree = "<group>"; fileEncoding = 4; lastKnownFileType = sourcecode.c.h; explicitFileType = undefined; includeInIndex = 0; };
		921E68ADED1841D8972B75DD /* CDVIonicKeyboard.m */ = {isa = PBXFileReference; name = "CDVIonicKeyboard.m"; path = "cordova-plugin-ionic-keyboard/CDVIonicKeyboard.m"; sourceTree = "<group>"; fileEncoding = 4; lastKnownFileType = sourcecode.c.objc; explicitFileType = undefined; includeInIndex = 0; };
		E6BC00DEB9B949C88B12B944 /* CDVIonicKeyboard.h */ = {isa = PBXFileReference; name = "CDVIonicKeyboard.h"; path = "cordova-plugin-ionic-keyboard/CDVIonicKeyboard.h"; sourceTree = "<group>"; fileEncoding = 4; lastKnownFileType = sourcecode.c.h; explicitFileType = undefined; includeInIndex = 0; };
		7CB4BFAF6D7842D3B8E7ADE4 /* CDVWKWebViewEngine.m */ = {isa = PBXFileReference; name = "CDVWKWebViewEngine.m"; path = "cordova-plugin-ionic-webview/CDVWKWebViewEngine.m"; sourceTree = "<group>"; fileEncoding = 4; lastKnownFileType = sourcecode.c.objc; explicitFileType = undefined; includeInIndex = 0; };
		552211AAA43E41F7B7EB23BB /* CDVWKWebViewUIDelegate.m */ = {isa = PBXFileReference; name = "CDVWKWebViewUIDelegate.m"; path = "cordova-plugin-ionic-webview/CDVWKWebViewUIDelegate.m"; sourceTree = "<group>"; fileEncoding = 4; lastKnownFileType = sourcecode.c.objc; explicitFileType = undefined; includeInIndex = 0; };
		1FAAACB2E47B44F0BB143EAF /* CDVWKProcessPoolFactory.m */ = {isa = PBXFileReference; name = "CDVWKProcessPoolFactory.m"; path = "cordova-plugin-ionic-webview/CDVWKProcessPoolFactory.m"; sourceTree = "<group>"; fileEncoding = 4; lastKnownFileType = sourcecode.c.objc; explicitFileType = undefined; includeInIndex = 0; };
		9724C0C74E1A4CD18C48AF3E /* GCDWebServer.m */ = {isa = PBXFileReference; name = "GCDWebServer.m"; path = "cordova-plugin-ionic-webview/GCDWebServer.m"; sourceTree = "<group>"; fileEncoding = 4; lastKnownFileType = sourcecode.c.objc; explicitFileType = undefined; includeInIndex = 0; };
		50F3FBDBC3644F56BC9A5CA0 /* GCDWebServerConnection.m */ = {isa = PBXFileReference; name = "GCDWebServerConnection.m"; path = "cordova-plugin-ionic-webview/GCDWebServerConnection.m"; sourceTree = "<group>"; fileEncoding = 4; lastKnownFileType = sourcecode.c.objc; explicitFileType = undefined; includeInIndex = 0; };
		F537B519A3594DB8801272C9 /* GCDWebServerFunctions.m */ = {isa = PBXFileReference; name = "GCDWebServerFunctions.m"; path = "cordova-plugin-ionic-webview/GCDWebServerFunctions.m"; sourceTree = "<group>"; fileEncoding = 4; lastKnownFileType = sourcecode.c.objc; explicitFileType = undefined; includeInIndex = 0; };
		00891A7B4AB54633B492DCE2 /* GCDWebServerRequest.m */ = {isa = PBXFileReference; name = "GCDWebServerRequest.m"; path = "cordova-plugin-ionic-webview/GCDWebServerRequest.m"; sourceTree = "<group>"; fileEncoding = 4; lastKnownFileType = sourcecode.c.objc; explicitFileType = undefined; includeInIndex = 0; };
		1006835B00C8492089B36423 /* GCDWebServerResponse.m */ = {isa = PBXFileReference; name = "GCDWebServerResponse.m"; path = "cordova-plugin-ionic-webview/GCDWebServerResponse.m"; sourceTree = "<group>"; fileEncoding = 4; lastKnownFileType = sourcecode.c.objc; explicitFileType = undefined; includeInIndex = 0; };
		CB8B7FFF687D45608FCAF2DF /* GCDWebServerDataRequest.m */ = {isa = PBXFileReference; name = "GCDWebServerDataRequest.m"; path = "cordova-plugin-ionic-webview/GCDWebServerDataRequest.m"; sourceTree = "<group>"; fileEncoding = 4; lastKnownFileType = sourcecode.c.objc; explicitFileType = undefined; includeInIndex = 0; };
		A556CFB44AF448D0A532DF90 /* GCDWebServerFileRequest.m */ = {isa = PBXFileReference; name = "GCDWebServerFileRequest.m"; path = "cordova-plugin-ionic-webview/GCDWebServerFileRequest.m"; sourceTree = "<group>"; fileEncoding = 4; lastKnownFileType = sourcecode.c.objc; explicitFileType = undefined; includeInIndex = 0; };
		7BA592B3966441E2ACA5199A /* GCDWebServerMultiPartFormRequest.m */ = {isa = PBXFileReference; name = "GCDWebServerMultiPartFormRequest.m"; path = "cordova-plugin-ionic-webview/GCDWebServerMultiPartFormRequest.m"; sourceTree = "<group>"; fileEncoding = 4; lastKnownFileType = sourcecode.c.objc; explicitFileType = undefined; includeInIndex = 0; };
		D0DB0155E3684CA5BA33159C /* GCDWebServerURLEncodedFormRequest.m */ = {isa = PBXFileReference; name = "GCDWebServerURLEncodedFormRequest.m"; path = "cordova-plugin-ionic-webview/GCDWebServerURLEncodedFormRequest.m"; sourceTree = "<group>"; fileEncoding = 4; lastKnownFileType = sourcecode.c.objc; explicitFileType = undefined; includeInIndex = 0; };
		2BB73F18F7A246619B83FB2F /* GCDWebServerDataResponse.m */ = {isa = PBXFileReference; name = "GCDWebServerDataResponse.m"; path = "cordova-plugin-ionic-webview/GCDWebServerDataResponse.m"; sourceTree = "<group>"; fileEncoding = 4; lastKnownFileType = sourcecode.c.objc; explicitFileType = undefined; includeInIndex = 0; };
		7D62ADFB842140A385B81052 /* GCDWebServerErrorResponse.m */ = {isa = PBXFileReference; name = "GCDWebServerErrorResponse.m"; path = "cordova-plugin-ionic-webview/GCDWebServerErrorResponse.m"; sourceTree = "<group>"; fileEncoding = 4; lastKnownFileType = sourcecode.c.objc; explicitFileType = undefined; includeInIndex = 0; };
		FD43F955A26B49D3AFD2DE96 /* GCDWebServerFileResponse.m */ = {isa = PBXFileReference; name = "GCDWebServerFileResponse.m"; path = "cordova-plugin-ionic-webview/GCDWebServerFileResponse.m"; sourceTree = "<group>"; fileEncoding = 4; lastKnownFileType = sourcecode.c.objc; explicitFileType = undefined; includeInIndex = 0; };
		06D27DF980C44A888B6B619E /* GCDWebServerStreamedResponse.m */ = {isa = PBXFileReference; name = "GCDWebServerStreamedResponse.m"; path = "cordova-plugin-ionic-webview/GCDWebServerStreamedResponse.m"; sourceTree = "<group>"; fileEncoding = 4; lastKnownFileType = sourcecode.c.objc; explicitFileType = undefined; includeInIndex = 0; };
		B41BE3028019482690CEDF60 /* CDVWKWebViewEngine.h */ = {isa = PBXFileReference; name = "CDVWKWebViewEngine.h"; path = "cordova-plugin-ionic-webview/CDVWKWebViewEngine.h"; sourceTree = "<group>"; fileEncoding = 4; lastKnownFileType = sourcecode.c.h; explicitFileType = undefined; includeInIndex = 0; };
		94D1C3BE954641E59CD41B01 /* CDVWKWebViewUIDelegate.h */ = {isa = PBXFileReference; name = "CDVWKWebViewUIDelegate.h"; path = "cordova-plugin-ionic-webview/CDVWKWebViewUIDelegate.h"; sourceTree = "<group>"; fileEncoding = 4; lastKnownFileType = sourcecode.c.h; explicitFileType = undefined; includeInIndex = 0; };
		8E232A017CD64C858C2B76A8 /* CDVWKProcessPoolFactory.h */ = {isa = PBXFileReference; name = "CDVWKProcessPoolFactory.h"; path = "cordova-plugin-ionic-webview/CDVWKProcessPoolFactory.h"; sourceTree = "<group>"; fileEncoding = 4; lastKnownFileType = sourcecode.c.h; explicitFileType = undefined; includeInIndex = 0; };
		6A9A7854C0D344B0986AA2A2 /* GCDWebServer.h */ = {isa = PBXFileReference; name = "GCDWebServer.h"; path = "cordova-plugin-ionic-webview/GCDWebServer.h"; sourceTree = "<group>"; fileEncoding = 4; lastKnownFileType = sourcecode.c.h; explicitFileType = undefined; includeInIndex = 0; };
		0EBB3BB0FEB44D93B2AE2AF5 /* GCDWebServerConnection.h */ = {isa = PBXFileReference; name = "GCDWebServerConnection.h"; path = "cordova-plugin-ionic-webview/GCDWebServerConnection.h"; sourceTree = "<group>"; fileEncoding = 4; lastKnownFileType = sourcecode.c.h; explicitFileType = undefined; includeInIndex = 0; };
		62C7074F6BF9403C9A88D6C3 /* GCDWebServerFunctions.h */ = {isa = PBXFileReference; name = "GCDWebServerFunctions.h"; path = "cordova-plugin-ionic-webview/GCDWebServerFunctions.h"; sourceTree = "<group>"; fileEncoding = 4; lastKnownFileType = sourcecode.c.h; explicitFileType = undefined; includeInIndex = 0; };
		F215580517F0414DB24D019D /* GCDWebServerHTTPStatusCodes.h */ = {isa = PBXFileReference; name = "GCDWebServerHTTPStatusCodes.h"; path = "cordova-plugin-ionic-webview/GCDWebServerHTTPStatusCodes.h"; sourceTree = "<group>"; fileEncoding = 4; lastKnownFileType = sourcecode.c.h; explicitFileType = undefined; includeInIndex = 0; };
		E1B16CF1FA064EC19A8F7FC3 /* GCDWebServerPrivate.h */ = {isa = PBXFileReference; name = "GCDWebServerPrivate.h"; path = "cordova-plugin-ionic-webview/GCDWebServerPrivate.h"; sourceTree = "<group>"; fileEncoding = 4; lastKnownFileType = sourcecode.c.h; explicitFileType = undefined; includeInIndex = 0; };
		2DB50BD3B19D454EA651828F /* GCDWebServerRequest.h */ = {isa = PBXFileReference; name = "GCDWebServerRequest.h"; path = "cordova-plugin-ionic-webview/GCDWebServerRequest.h"; sourceTree = "<group>"; fileEncoding = 4; lastKnownFileType = sourcecode.c.h; explicitFileType = undefined; includeInIndex = 0; };
		43F32BE07E20450AA1457F19 /* GCDWebServerResponse.h */ = {isa = PBXFileReference; name = "GCDWebServerResponse.h"; path = "cordova-plugin-ionic-webview/GCDWebServerResponse.h"; sourceTree = "<group>"; fileEncoding = 4; lastKnownFileType = sourcecode.c.h; explicitFileType = undefined; includeInIndex = 0; };
		B3B7F03652EF41268A828753 /* GCDWebServerDataRequest.h */ = {isa = PBXFileReference; name = "GCDWebServerDataRequest.h"; path = "cordova-plugin-ionic-webview/GCDWebServerDataRequest.h"; sourceTree = "<group>"; fileEncoding = 4; lastKnownFileType = sourcecode.c.h; explicitFileType = undefined; includeInIndex = 0; };
		5BC2792F2D48451BA1C2C3A1 /* GCDWebServerFileRequest.h */ = {isa = PBXFileReference; name = "GCDWebServerFileRequest.h"; path = "cordova-plugin-ionic-webview/GCDWebServerFileRequest.h"; sourceTree = "<group>"; fileEncoding = 4; lastKnownFileType = sourcecode.c.h; explicitFileType = undefined; includeInIndex = 0; };
		EA8347D9967A48A58096CE9B /* GCDWebServerMultiPartFormRequest.h */ = {isa = PBXFileReference; name = "GCDWebServerMultiPartFormRequest.h"; path = "cordova-plugin-ionic-webview/GCDWebServerMultiPartFormRequest.h"; sourceTree = "<group>"; fileEncoding = 4; lastKnownFileType = sourcecode.c.h; explicitFileType = undefined; includeInIndex = 0; };
		45B62CBECCF24B1E9139929A /* GCDWebServerURLEncodedFormRequest.h */ = {isa = PBXFileReference; name = "GCDWebServerURLEncodedFormRequest.h"; path = "cordova-plugin-ionic-webview/GCDWebServerURLEncodedFormRequest.h"; sourceTree = "<group>"; fileEncoding = 4; lastKnownFileType = sourcecode.c.h; explicitFileType = undefined; includeInIndex = 0; };
		6D393F49DBA24E1CBA46DD75 /* GCDWebServerDataResponse.h */ = {isa = PBXFileReference; name = "GCDWebServerDataResponse.h"; path = "cordova-plugin-ionic-webview/GCDWebServerDataResponse.h"; sourceTree = "<group>"; fileEncoding = 4; lastKnownFileType = sourcecode.c.h; explicitFileType = undefined; includeInIndex = 0; };
		FB046F2EB17D47749FDBB333 /* GCDWebServerErrorResponse.h */ = {isa = PBXFileReference; name = "GCDWebServerErrorResponse.h"; path = "cordova-plugin-ionic-webview/GCDWebServerErrorResponse.h"; sourceTree = "<group>"; fileEncoding = 4; lastKnownFileType = sourcecode.c.h; explicitFileType = undefined; includeInIndex = 0; };
		F8200F9713A4469B8B3FC6AE /* GCDWebServerFileResponse.h */ = {isa = PBXFileReference; name = "GCDWebServerFileResponse.h"; path = "cordova-plugin-ionic-webview/GCDWebServerFileResponse.h"; sourceTree = "<group>"; fileEncoding = 4; lastKnownFileType = sourcecode.c.h; explicitFileType = undefined; includeInIndex = 0; };
		8FA2FFEBE9DE4717918C8BE3 /* GCDWebServerStreamedResponse.h */ = {isa = PBXFileReference; name = "GCDWebServerStreamedResponse.h"; path = "cordova-plugin-ionic-webview/GCDWebServerStreamedResponse.h"; sourceTree = "<group>"; fileEncoding = 4; lastKnownFileType = sourcecode.c.h; explicitFileType = undefined; includeInIndex = 0; };
		DFBE0A39FF744C24A5CB0541 /* WebKit.framework */ = {isa = PBXFileReference; name = "WebKit.framework"; path = "System/Library/Frameworks/WebKit.framework"; sourceTree = SDKROOT; fileEncoding = undefined; lastKnownFileType = wrapper.framework; explicitFileType = undefined; includeInIndex = 0; };
		CCC4FB270ADB43F8BA5C6E43 /* libz.tbd */ = {isa = PBXFileReference; name = "libz.tbd"; path = "usr/lib/libz.tbd"; sourceTree = SDKROOT; fileEncoding = undefined; lastKnownFileType = sourcecode.text-based-dylib-definition; explicitFileType = undefined; includeInIndex = 0; };
		68FB8CBADF8446A1AA56001A /* CDVSplashScreen.m */ = {isa = PBXFileReference; name = "CDVSplashScreen.m"; path = "cordova-plugin-splashscreen/CDVSplashScreen.m"; sourceTree = "<group>"; fileEncoding = 4; lastKnownFileType = sourcecode.c.objc; explicitFileType = undefined; includeInIndex = 0; };
		B25C6C697076423AB2625090 /* CDVViewController+SplashScreen.m */ = {isa = PBXFileReference; name = "CDVViewController+SplashScreen.m"; path = "cordova-plugin-splashscreen/CDVViewController+SplashScreen.m"; sourceTree = "<group>"; fileEncoding = 4; lastKnownFileType = sourcecode.c.objc; explicitFileType = undefined; includeInIndex = 0; };
		C4A1628D2E884093A3A7BBE4 /* CDVSplashScreen.h */ = {isa = PBXFileReference; name = "CDVSplashScreen.h"; path = "cordova-plugin-splashscreen/CDVSplashScreen.h"; sourceTree = "<group>"; fileEncoding = 4; lastKnownFileType = sourcecode.c.h; explicitFileType = undefined; includeInIndex = 0; };
		D4440F5404734CB0AEB8061C /* CDVViewController+SplashScreen.h */ = {isa = PBXFileReference; name = "CDVViewController+SplashScreen.h"; path = "cordova-plugin-splashscreen/CDVViewController+SplashScreen.h"; sourceTree = "<group>"; fileEncoding = 4; lastKnownFileType = sourcecode.c.h; explicitFileType = undefined; includeInIndex = 0; };
		70A58969A37A40DE81F6EB8F /* CDVStatusBar.m */ = {isa = PBXFileReference; name = "CDVStatusBar.m"; path = "cordova-plugin-statusbar/CDVStatusBar.m"; sourceTree = "<group>"; fileEncoding = 4; lastKnownFileType = sourcecode.c.objc; explicitFileType = undefined; includeInIndex = 0; };
		87F255A23FD445F98757526C /* CDVStatusBar.h */ = {isa = PBXFileReference; name = "CDVStatusBar.h"; path = "cordova-plugin-statusbar/CDVStatusBar.h"; sourceTree = "<group>"; fileEncoding = 4; lastKnownFileType = sourcecode.c.h; explicitFileType = undefined; includeInIndex = 0; };
		2D2653ED28934040BFE3E5BA /* NfcPlugin.m */ = {isa = PBXFileReference; name = "NfcPlugin.m"; path = "phonegap-nfc/NfcPlugin.m"; sourceTree = "<group>"; fileEncoding = 4; lastKnownFileType = sourcecode.c.objc; explicitFileType = undefined; includeInIndex = 0; };
		C2F74639FAD548889A98FEB2 /* NfcPlugin.h */ = {isa = PBXFileReference; name = "NfcPlugin.h"; path = "phonegap-nfc/NfcPlugin.h"; sourceTree = "<group>"; fileEncoding = 4; lastKnownFileType = sourcecode.c.h; explicitFileType = undefined; includeInIndex = 0; };
		17A6E943A9E141BD9D4FA22C /* CoreNFC.framework */ = {isa = PBXFileReference; name = "CoreNFC.framework"; path = "System/Library/Frameworks/CoreNFC.framework"; sourceTree = SDKROOT; fileEncoding = undefined; lastKnownFileType = wrapper.framework; explicitFileType = undefined; includeInIndex = 0; };
		A38CAFFAF7F848B59CEB3422 /* CDVBarcodeScanner.mm */ = {isa = PBXFileReference; name = "CDVBarcodeScanner.mm"; path = "phonegap-plugin-barcodescanner/CDVBarcodeScanner.mm"; sourceTree = "<group>"; fileEncoding = undefined; lastKnownFileType = unknown; explicitFileType = undefined; includeInIndex = 0; };
		3F44790C24524126A17C9407 /* scannerOverlay.xib */ = {isa = PBXFileReference; name = "scannerOverlay.xib"; path = "scannerOverlay.xib"; sourceTree = "<group>"; fileEncoding = undefined; lastKnownFileType = file.xib; explicitFileType = undefined; includeInIndex = 0; };
		5B191C386B044170BBE69618 /* CDVBarcodeScanner.bundle */ = {isa = PBXFileReference; name = "CDVBarcodeScanner.bundle"; path = "CDVBarcodeScanner.bundle"; sourceTree = "<group>"; fileEncoding = undefined; lastKnownFileType = wrapper.plug-in; explicitFileType = undefined; includeInIndex = 0; };
/* End PBXFileReference section */

/* Begin PBXFrameworksBuildPhase section */
		1D60588F0D05DD3D006BFB54 /* Frameworks */ = {
			isa = PBXFrameworksBuildPhase;
			buildActionMask = 2147483647;
			files = (
				301BF552109A68D80062928A /* libCordova.a in Frameworks */,
				21D308724C254A479C2D25BE /* ImageIO.framework in Frameworks */,
				DD65916E79C1435A801400A1 /* CoreLocation.framework in Frameworks */,
				D41C51ACC22B4DB78677C4C8 /* AVFoundation.framework in Frameworks */,
				E67CB82F0CA64CD1AD89AD65 /* AudioToolbox.framework in Frameworks */,
				B37CFE4AAEB04BA8AE5E8973 /* WebKit.framework in Frameworks */,
				2C88B08FAD524772BAB646C2 /* libz.tbd in Frameworks */,
				E083C56ACAA342F0B1E2095C /* CoreNFC.framework in Frameworks */,
			);
			runOnlyForDeploymentPostprocessing = 0;
		};
/* End PBXFrameworksBuildPhase section */

/* Begin PBXGroup section */
		080E96DDFE201D6D7F000001 /* Classes */ = {
			isa = PBXGroup;
			children = (
				302D95EE14D2391D003F00A1 /* MainViewController.h */,
				302D95EF14D2391D003F00A1 /* MainViewController.m */,
				302D95F014D2391D003F00A1 /* MainViewController.xib */,
				1D3623240D0F684500981E51 /* AppDelegate.h */,
				1D3623250D0F684500981E51 /* AppDelegate.m */,
			);
			name = Classes;
			path = "NFC App/Classes";
			sourceTree = SOURCE_ROOT;
		};
		19C28FACFE9D520D11CA2CBB /* Products */ = {
			isa = PBXGroup;
			children = (
				1D6058910D05DD3D006BFB54 /* NFC App.app */,
			);
			name = Products;
			sourceTree = "<group>";
		};
		29B97314FDCFA39411CA2CEA /* CustomTemplate */ = {
			isa = PBXGroup;
			children = (
				EB87FDF41871DAF40020F90C /* config.xml */,
				EB87FDF31871DA8E0020F90C /* www */,
				EB87FDF11871DA420020F90C /* Staging */,
				301BF52D109A57CC0062928A /* CordovaLib.xcodeproj */,
				080E96DDFE201D6D7F000001 /* Classes */,
				307C750510C5A3420062BCA9 /* Plugins */,
				29B97315FDCFA39411CA2CEA /* Other Sources */,
				29B97317FDCFA39411CA2CEA /* Resources */,
				29B97323FDCFA39411CA2CEA /* Frameworks */,
				19C28FACFE9D520D11CA2CBB /* Products */,
			);
			name = CustomTemplate;
			sourceTree = "<group>";
		};
		29B97315FDCFA39411CA2CEA /* Other Sources */ = {
			isa = PBXGroup;
			children = (
				32CA4F630368D1EE00C91783 /* NFC App-Prefix.pch */,
				29B97316FDCFA39411CA2CEA /* main.m */,
				ED33DF2A687741AEAF9F8254 /* Bridging-Header.h */,
			);
			name = "Other Sources";
			path = "NFC App";
			sourceTree = "<group>";
		};
		29B97317FDCFA39411CA2CEA /* Resources */ = {
			isa = PBXGroup;
			children = (
				0207DA571B56EA530066E2B4 /* Images.xcassets */,
				3047A50E1AB8057F00498E2A /* config */,
				8D1107310486CEB800E47090 /* NFC App-Info.plist */,
				6AFF5BF81D6E424B00AB3073 /* CDVLaunchScreen.storyboard */,
				8A3BD1D0D85C404EB98E0278 /* CDVNotification.bundle */,
				3F44790C24524126A17C9407 /* scannerOverlay.xib */,
				5B191C386B044170BBE69618 /* CDVBarcodeScanner.bundle */,
			);
			name = Resources;
			path = "NFC App/Resources";
			sourceTree = "<group>";
		};
		29B97323FDCFA39411CA2CEA /* Frameworks */ = {
			isa = PBXGroup;
			children = (
				89C2186143DC49329E9A54CF /* ImageIO.framework */,
				335E15F53AE244AB9BDA3BBB /* CoreLocation.framework */,
				34D436556A8346338A5BE189 /* AVFoundation.framework */,
				EEEEDA65875544269C8256B3 /* AudioToolbox.framework */,
				DFBE0A39FF744C24A5CB0541 /* WebKit.framework */,
				CCC4FB270ADB43F8BA5C6E43 /* libz.tbd */,
				17A6E943A9E141BD9D4FA22C /* CoreNFC.framework */,
			);
			name = Frameworks;
			sourceTree = "<group>";
		};
		301BF52E109A57CC0062928A /* Products */ = {
			isa = PBXGroup;
			children = (
				301BF535109A57CC0062928A /* libCordova.a */,
			);
			name = Products;
			sourceTree = "<group>";
		};
		3047A50E1AB8057F00498E2A /* config */ = {
			isa = PBXGroup;
			children = (
				3047A50F1AB8059700498E2A /* build-debug.xcconfig */,
				3047A5101AB8059700498E2A /* build-release.xcconfig */,
				3047A5111AB8059700498E2A /* build.xcconfig */,
			);
			name = config;
			sourceTree = "<group>";
		};
		307C750510C5A3420062BCA9 /* Plugins */ = {
			isa = PBXGroup;
			children = (
				FFA5A152EDCC48679BBCE239 /* UIImage+CropScaleOrientation.m */,
				CB982ABFAA894DFD840F0202 /* CDVCamera.m */,
				BFA3B1939D184607B51A7610 /* CDVJpegHeaderWriter.m */,
				A8474FF3C07C46488B5A987C /* UIImage+CropScaleOrientation.h */,
				B549D3EEA2A84D828F89CBDC /* CDVCamera.h */,
				2B653D0456584C8CADF4DD27 /* CDVJpegHeaderWriter.h */,
				CC1854BCF4814749BFA90A24 /* CDVExif.h */,
				2D2EFE98FFE84DCE8D14778F /* CDVDevice.m */,
				6808E1D563174743BFCE5528 /* CDVDevice.h */,
				BF79703B66A1450182704C5B /* CDVNotification.m */,
				26C09A6AD13E425AA05F0BF7 /* CDVNotification.h */,
				66DC89753D0A4AA7BEC97419 /* CDVFile.m */,
				7DB7D01ECAB348FDBFF5F4E6 /* CDVLocalFilesystem.m */,
				5E0AF19F6F484AE1BDE3B0EE /* CDVAssetLibraryFilesystem.m */,
				4EC29DB55A6D4E63BA7FBCE6 /* CDVFile.h */,
				2FBF8FE94BEF4182AE45A017 /* CDVLocalFilesystem.h */,
				96F610D578854BCD94F5776D /* CDVAssetLibraryFilesystem.h */,
				921E68ADED1841D8972B75DD /* CDVIonicKeyboard.m */,
				E6BC00DEB9B949C88B12B944 /* CDVIonicKeyboard.h */,
				7CB4BFAF6D7842D3B8E7ADE4 /* CDVWKWebViewEngine.m */,
				552211AAA43E41F7B7EB23BB /* CDVWKWebViewUIDelegate.m */,
				1FAAACB2E47B44F0BB143EAF /* CDVWKProcessPoolFactory.m */,
				9724C0C74E1A4CD18C48AF3E /* GCDWebServer.m */,
				50F3FBDBC3644F56BC9A5CA0 /* GCDWebServerConnection.m */,
				F537B519A3594DB8801272C9 /* GCDWebServerFunctions.m */,
				00891A7B4AB54633B492DCE2 /* GCDWebServerRequest.m */,
				1006835B00C8492089B36423 /* GCDWebServerResponse.m */,
				CB8B7FFF687D45608FCAF2DF /* GCDWebServerDataRequest.m */,
				A556CFB44AF448D0A532DF90 /* GCDWebServerFileRequest.m */,
				7BA592B3966441E2ACA5199A /* GCDWebServerMultiPartFormRequest.m */,
				D0DB0155E3684CA5BA33159C /* GCDWebServerURLEncodedFormRequest.m */,
				2BB73F18F7A246619B83FB2F /* GCDWebServerDataResponse.m */,
				7D62ADFB842140A385B81052 /* GCDWebServerErrorResponse.m */,
				FD43F955A26B49D3AFD2DE96 /* GCDWebServerFileResponse.m */,
				06D27DF980C44A888B6B619E /* GCDWebServerStreamedResponse.m */,
				B41BE3028019482690CEDF60 /* CDVWKWebViewEngine.h */,
				94D1C3BE954641E59CD41B01 /* CDVWKWebViewUIDelegate.h */,
				8E232A017CD64C858C2B76A8 /* CDVWKProcessPoolFactory.h */,
				6A9A7854C0D344B0986AA2A2 /* GCDWebServer.h */,
				0EBB3BB0FEB44D93B2AE2AF5 /* GCDWebServerConnection.h */,
				62C7074F6BF9403C9A88D6C3 /* GCDWebServerFunctions.h */,
				F215580517F0414DB24D019D /* GCDWebServerHTTPStatusCodes.h */,
				E1B16CF1FA064EC19A8F7FC3 /* GCDWebServerPrivate.h */,
				2DB50BD3B19D454EA651828F /* GCDWebServerRequest.h */,
				43F32BE07E20450AA1457F19 /* GCDWebServerResponse.h */,
				B3B7F03652EF41268A828753 /* GCDWebServerDataRequest.h */,
				5BC2792F2D48451BA1C2C3A1 /* GCDWebServerFileRequest.h */,
				EA8347D9967A48A58096CE9B /* GCDWebServerMultiPartFormRequest.h */,
				45B62CBECCF24B1E9139929A /* GCDWebServerURLEncodedFormRequest.h */,
				6D393F49DBA24E1CBA46DD75 /* GCDWebServerDataResponse.h */,
				FB046F2EB17D47749FDBB333 /* GCDWebServerErrorResponse.h */,
				F8200F9713A4469B8B3FC6AE /* GCDWebServerFileResponse.h */,
				8FA2FFEBE9DE4717918C8BE3 /* GCDWebServerStreamedResponse.h */,
				68FB8CBADF8446A1AA56001A /* CDVSplashScreen.m */,
				B25C6C697076423AB2625090 /* CDVViewController+SplashScreen.m */,
				C4A1628D2E884093A3A7BBE4 /* CDVSplashScreen.h */,
				D4440F5404734CB0AEB8061C /* CDVViewController+SplashScreen.h */,
				70A58969A37A40DE81F6EB8F /* CDVStatusBar.m */,
				87F255A23FD445F98757526C /* CDVStatusBar.h */,
				2D2653ED28934040BFE3E5BA /* NfcPlugin.m */,
				C2F74639FAD548889A98FEB2 /* NfcPlugin.h */,
				A38CAFFAF7F848B59CEB3422 /* CDVBarcodeScanner.mm */,
			);
			name = Plugins;
			path = "NFC App/Plugins";
			sourceTree = SOURCE_ROOT;
		};
		EB87FDF11871DA420020F90C /* Staging */ = {
			isa = PBXGroup;
			children = (
				F840E1F0165FE0F500CFE078 /* config.xml */,
				301BF56E109A69640062928A /* www */,
			);
			name = Staging;
			sourceTree = "<group>";
		};
/* End PBXGroup section */

/* Begin PBXNativeTarget section */
		1D6058900D05DD3D006BFB54 /* NFC App */ = {
			isa = PBXNativeTarget;
			buildConfigurationList = 1D6058960D05DD3E006BFB54 /* Build configuration list for PBXNativeTarget "NFC App" */;
			buildPhases = (
				304B58A110DAC018002A0835 /* Copy www directory */,
				1D60588D0D05DD3D006BFB54 /* Resources */,
				1D60588E0D05DD3D006BFB54 /* Sources */,
				1D60588F0D05DD3D006BFB54 /* Frameworks */,
			);
			buildRules = (
			);
			dependencies = (
				301BF551109A68C00062928A /* PBXTargetDependency */,
			);
			name = "NFC App";
			productName = "NFC App";
			productReference = 1D6058910D05DD3D006BFB54 /* NFC App.app */;
			productType = "com.apple.product-type.application";
		};
/* End PBXNativeTarget section */

/* Begin PBXProject section */
		29B97313FDCFA39411CA2CEA /* Project object */ = {
			isa = PBXProject;
			attributes = {
				LastUpgradeCheck = 510;
			};
			buildConfigurationList = C01FCF4E08A954540054247B /* Build configuration list for PBXProject "__NON-CLI__" */;
			compatibilityVersion = "Xcode 3.2";
			developmentRegion = English;
			hasScannedForEncodings = 1;
			mainGroup = 29B97314FDCFA39411CA2CEA /* CustomTemplate */;
			projectDirPath = "";
			projectReferences = (
				{
					ProductGroup = 301BF52E109A57CC0062928A /* Products */;
					ProjectRef = 301BF52D109A57CC0062928A /* CordovaLib.xcodeproj */;
				},
			);
			projectRoot = "";
			targets = (
				1D6058900D05DD3D006BFB54 /* NFC App */,
			);
		};
/* End PBXProject section */

/* Begin PBXReferenceProxy section */
		301BF535109A57CC0062928A /* libCordova.a */ = {
			isa = PBXReferenceProxy;
			fileType = archive.ar;
			path = libCordova.a;
			remoteRef = 301BF534109A57CC0062928A /* PBXContainerItemProxy */;
			sourceTree = BUILT_PRODUCTS_DIR;
		};
/* End PBXReferenceProxy section */

/* Begin PBXResourcesBuildPhase section */
		1D60588D0D05DD3D006BFB54 /* Resources */ = {
			isa = PBXResourcesBuildPhase;
			buildActionMask = 2147483647;
			files = (
				302D95F214D2391D003F00A1 /* MainViewController.xib in Resources */,
				0207DA581B56EA530066E2B4 /* Images.xcassets in Resources */,
				6AFF5BF91D6E424B00AB3073 /* CDVLaunchScreen.storyboard in Resources */,
				3FAE5C36F35546C6852D2C0A /* CDVNotification.bundle in Resources */,
				A62E345F7ABC4596AD77AC5E /* scannerOverlay.xib in Resources */,
				A33B8E56345849B1A4562BB5 /* CDVBarcodeScanner.bundle in Resources */,
			);
			runOnlyForDeploymentPostprocessing = 0;
		};
/* End PBXResourcesBuildPhase section */

/* Begin PBXShellScriptBuildPhase section */
		304B58A110DAC018002A0835 /* Copy www directory */ = {
			isa = PBXShellScriptBuildPhase;
			buildActionMask = 2147483647;
			files = (
			);
			inputPaths = (
			);
			name = "Copy www directory";
			outputPaths = (
			);
			runOnlyForDeploymentPostprocessing = 0;
			shellPath = /bin/sh;
			shellScript = "NODEJS_PATH=/usr/local/bin; NVM_NODE_PATH=~/.nvm/versions/node/`nvm version 2>/dev/null`/bin; N_NODE_PATH=`find /usr/local/n/versions/node/* -maxdepth 0 -type d 2>/dev/null | tail -1`/bin; XCODE_NODE_PATH=`xcode-select --print-path`/usr/share/xcs/Node/bin; PATH=$NODEJS_PATH:$NVM_NODE_PATH:$N_NODE_PATH:$XCODE_NODE_PATH:$PATH && node cordova/lib/copy-www-build-step.js";
			showEnvVarsInLog = 0;
		};
/* End PBXShellScriptBuildPhase section */

/* Begin PBXSourcesBuildPhase section */
		1D60588E0D05DD3D006BFB54 /* Sources */ = {
			isa = PBXSourcesBuildPhase;
			buildActionMask = 2147483647;
			files = (
				1D60589B0D05DD56006BFB54 /* main.m in Sources */,
				1D3623260D0F684500981E51 /* AppDelegate.m in Sources */,
				302D95F114D2391D003F00A1 /* MainViewController.m in Sources */,
				E1A8DBA9159147D9A327BA99 /* UIImage+CropScaleOrientation.m in Sources */,
				248360EABB9A41EB84EE40DD /* CDVCamera.m in Sources */,
				AA63ECC992634AA28139EE4E /* CDVJpegHeaderWriter.m in Sources */,
				209DD9F6DF7240D6A99108E7 /* CDVDevice.m in Sources */,
				7D8CDB7FFA7A431FAE91B943 /* CDVNotification.m in Sources */,
				5C3E1FE2ED394C578B9DA720 /* CDVFile.m in Sources */,
				0FA752E5E0A145BF801C62DA /* CDVLocalFilesystem.m in Sources */,
				0713BF7C02D24FAFB4D61732 /* CDVAssetLibraryFilesystem.m in Sources */,
				9FEF2125EEB74592A6D20F66 /* CDVIonicKeyboard.m in Sources */,
				A802D3C0CCC24C10A93D4AA5 /* CDVWKWebViewEngine.m in Sources */,
				BD3E64C31C224B68BE80DD1D /* CDVWKWebViewUIDelegate.m in Sources */,
				6D5087608BB54B0DA238A1E9 /* CDVWKProcessPoolFactory.m in Sources */,
				7C435F5BAAF34D8C9B6863AE /* GCDWebServer.m in Sources */,
				22904391BFCE448F937920E4 /* GCDWebServerConnection.m in Sources */,
				73691C72B5D54B6996674F6D /* GCDWebServerFunctions.m in Sources */,
				A2D37EB04BF64DF8B3D8F0C0 /* GCDWebServerRequest.m in Sources */,
				517514AA5FF144158A5F6C15 /* GCDWebServerResponse.m in Sources */,
				82C3698075074872A068CCFB /* GCDWebServerDataRequest.m in Sources */,
				8ABDB191215D49B598BD4B82 /* GCDWebServerFileRequest.m in Sources */,
				5223FDF128EB4255A3F13131 /* GCDWebServerMultiPartFormRequest.m in Sources */,
				28BA368437F84392B496C82B /* GCDWebServerURLEncodedFormRequest.m in Sources */,
				D5EE049990D54FC191E3495F /* GCDWebServerDataResponse.m in Sources */,
				C08585B44D604F1CA49AFCFC /* GCDWebServerErrorResponse.m in Sources */,
				D9D871A7D31244739EA12DED /* GCDWebServerFileResponse.m in Sources */,
				BC3F310A0F354867A99CCE27 /* GCDWebServerStreamedResponse.m in Sources */,
				68FB7185CFDD4287918AF72E /* CDVSplashScreen.m in Sources */,
				A7586C4082EF44E49375A553 /* CDVViewController+SplashScreen.m in Sources */,
				536F9D9954C24BC4919347EA /* CDVStatusBar.m in Sources */,
				F2FFF81051494597B3CACE6C /* NfcPlugin.m in Sources */,
				AFFCDD33E5924178930BEEEA /* CDVBarcodeScanner.mm in Resources */,
			);
			runOnlyForDeploymentPostprocessing = 0;
		};
/* End PBXSourcesBuildPhase section */

/* Begin PBXTargetDependency section */
		301BF551109A68C00062928A /* PBXTargetDependency */ = {
			isa = PBXTargetDependency;
			name = CordovaLib;
			targetProxy = 301BF550109A68C00062928A /* PBXContainerItemProxy */;
		};
/* End PBXTargetDependency section */

/* Begin XCBuildConfiguration section */
		1D6058940D05DD3E006BFB54 /* Debug */ = {
			isa = XCBuildConfiguration;
			baseConfigurationReference = 3047A50F1AB8059700498E2A /* build-debug.xcconfig */;
			buildSettings = {
				ALWAYS_SEARCH_USER_PATHS = NO;
				ASSETCATALOG_COMPILER_APPICON_NAME = AppIcon;
				ASSETCATALOG_COMPILER_LAUNCHIMAGE_NAME = LaunchImage;
				CLANG_ENABLE_MODULES = YES;
				CLANG_ENABLE_OBJC_ARC = YES;
				COPY_PHASE_STRIP = NO;
				GCC_DYNAMIC_NO_PIC = NO;
				GCC_OPTIMIZATION_LEVEL = 0;
				GCC_PRECOMPILE_PREFIX_HEADER = YES;
				GCC_PREFIX_HEADER = "NFC App/NFC App-Prefix.pch";
				GCC_THUMB_SUPPORT = NO;
				GCC_VERSION = "";
				INFOPLIST_FILE = "NFC App/NFC App-Info.plist";
				IPHONEOS_DEPLOYMENT_TARGET = 9.0;
				LD_RUNPATH_SEARCH_PATHS = "@executable_path/Frameworks";
				TARGETED_DEVICE_FAMILY = "1,2";
				PRODUCT_NAME = "NFC App";
			};
			name = Debug;
		};
		1D6058950D05DD3E006BFB54 /* Release */ = {
			isa = XCBuildConfiguration;
			baseConfigurationReference = 3047A5101AB8059700498E2A /* build-release.xcconfig */;
			buildSettings = {
				ALWAYS_SEARCH_USER_PATHS = NO;
				ASSETCATALOG_COMPILER_APPICON_NAME = AppIcon;
				ASSETCATALOG_COMPILER_LAUNCHIMAGE_NAME = LaunchImage;
				CLANG_ENABLE_MODULES = YES;
				CLANG_ENABLE_OBJC_ARC = YES;
				COPY_PHASE_STRIP = YES;
				GCC_PRECOMPILE_PREFIX_HEADER = YES;
				GCC_PREFIX_HEADER = "NFC App/NFC App-Prefix.pch";
				GCC_THUMB_SUPPORT = NO;
				GCC_VERSION = "";
				INFOPLIST_FILE = "NFC App/NFC App-Info.plist";
				IPHONEOS_DEPLOYMENT_TARGET = 9.0;
				LD_RUNPATH_SEARCH_PATHS = "@executable_path/Frameworks";
				TARGETED_DEVICE_FAMILY = "1,2";
				PRODUCT_NAME = "NFC App";
			};
			name = Release;
		};
		C01FCF4F08A954540054247B /* Debug */ = {
			isa = XCBuildConfiguration;
			baseConfigurationReference = 3047A5111AB8059700498E2A /* build.xcconfig */;
			buildSettings = {
				CLANG_ENABLE_MODULES = YES;
				CLANG_ENABLE_OBJC_ARC = YES;
				CLANG_WARN_BOOL_CONVERSION = YES;
				CLANG_WARN_CONSTANT_CONVERSION = YES;
				CLANG_WARN_EMPTY_BODY = YES;
				CLANG_WARN_ENUM_CONVERSION = YES;
				CLANG_WARN_INT_CONVERSION = YES;
				CLANG_WARN__DUPLICATE_METHOD_MATCH = YES;
				GCC_C_LANGUAGE_STANDARD = c99;
				GCC_THUMB_SUPPORT = NO;
				GCC_VERSION = "";
				GCC_WARN_ABOUT_RETURN_TYPE = YES;
				GCC_WARN_UNDECLARED_SELECTOR = YES;
				GCC_WARN_UNINITIALIZED_AUTOS = YES;
				GCC_WARN_UNUSED_FUNCTION = YES;
				GCC_WARN_UNUSED_VARIABLE = YES;
				ONLY_ACTIVE_ARCH = YES;
				SDKROOT = iphoneos;
				SKIP_INSTALL = NO;
			};
			name = Debug;
		};
		C01FCF5008A954540054247B /* Release */ = {
			isa = XCBuildConfiguration;
			baseConfigurationReference = 3047A5111AB8059700498E2A /* build.xcconfig */;
			buildSettings = {
				CLANG_ENABLE_MODULES = YES;
				CLANG_ENABLE_OBJC_ARC = YES;
				CLANG_WARN_BOOL_CONVERSION = YES;
				CLANG_WARN_CONSTANT_CONVERSION = YES;
				CLANG_WARN_EMPTY_BODY = YES;
				CLANG_WARN_ENUM_CONVERSION = YES;
				CLANG_WARN_INT_CONVERSION = YES;
				CLANG_WARN__DUPLICATE_METHOD_MATCH = YES;
				GCC_C_LANGUAGE_STANDARD = c99;
				GCC_THUMB_SUPPORT = NO;
				GCC_VERSION = "";
				GCC_WARN_ABOUT_RETURN_TYPE = YES;
				GCC_WARN_UNDECLARED_SELECTOR = YES;
				GCC_WARN_UNINITIALIZED_AUTOS = YES;
				GCC_WARN_UNUSED_FUNCTION = YES;
				GCC_WARN_UNUSED_VARIABLE = YES;
				SDKROOT = iphoneos;
				SKIP_INSTALL = NO;
			};
			name = Release;
		};
/* End XCBuildConfiguration section */

/* Begin XCConfigurationList section */
		1D6058960D05DD3E006BFB54 /* Build configuration list for PBXNativeTarget "NFC App" */ = {
			isa = XCConfigurationList;
			buildConfigurations = (
				1D6058940D05DD3E006BFB54 /* Debug */,
				1D6058950D05DD3E006BFB54 /* Release */,
			);
			defaultConfigurationIsVisible = 0;
			defaultConfigurationName = Release;
		};
		C01FCF4E08A954540054247B /* Build configuration list for PBXProject "__NON-CLI__" */ = {
			isa = XCConfigurationList;
			buildConfigurations = (
				C01FCF4F08A954540054247B /* Debug */,
				C01FCF5008A954540054247B /* Release */,
			);
			defaultConfigurationIsVisible = 0;
			defaultConfigurationName = Release;
		};
/* End XCConfigurationList section */
	};
	rootObject = 29B97313FDCFA39411CA2CEA /* Project object */;
}
