// !$*UTF8*$!
{
	archiveVersion = 1;
	classes = {
	};
	objectVersion = 46;
	objects = {
/* Begin PBXBuildFile section */
		0207DA581B56EA530066E2B4 /* Images.xcassets in Resources */ = {isa = PBXBuildFile; fileRef = 0207DA571B56EA530066E2B4 /* Images.xcassets */; };
		1D3623260D0F684500981E51 /* AppDelegate.m in Sources */ = {isa = PBXBuildFile; fileRef = 1D3623250D0F684500981E51 /* AppDelegate.m */; };
		1D60589B0D05DD56006BFB54 /* main.m in Sources */ = {isa = PBXBuildFile; fileRef = 29B97316FDCFA39411CA2CEA /* main.m */; };
		301BF552109A68D80062928A /* libCordova.a in Frameworks */ = {isa = PBXBuildFile; fileRef = 301BF535109A57CC0062928A /* libCordova.a */; };
		302D95F114D2391D003F00A1 /* MainViewController.m in Sources */ = {isa = PBXBuildFile; fileRef = 302D95EF14D2391D003F00A1 /* MainViewController.m */; };
		302D95F214D2391D003F00A1 /* MainViewController.xib in Resources */ = {isa = PBXBuildFile; fileRef = 302D95F014D2391D003F00A1 /* MainViewController.xib */; };
		3047A5121AB8059700498E2A /* build-debug.xcconfig in Resources */ = {isa = PBXBuildFile; fileRef = 3047A50F1AB8059700498E2A /* build-debug.xcconfig */; };
		3047A5131AB8059700498E2A /* build-release.xcconfig in Resources */ = {isa = PBXBuildFile; fileRef = 3047A5101AB8059700498E2A /* build-release.xcconfig */; };
		3047A5141AB8059700498E2A /* build.xcconfig in Resources */ = {isa = PBXBuildFile; fileRef = 3047A5111AB8059700498E2A /* build.xcconfig */; };
		6AFF5BF91D6E424B00AB3073 /* CDVLaunchScreen.storyboard in Resources */ = {isa = PBXBuildFile; fileRef = 6AFF5BF81D6E424B00AB3073 /* CDVLaunchScreen.storyboard */; };
		6BBCCFB60FC9414283678990 /* UIImage+CropScaleOrientation.m in Sources */ = {isa = PBXBuildFile; fileRef = 6710B713E36B483DB6845BE7 /* UIImage+CropScaleOrientation.m */; };
		D02318071CE54D7899B13F43 /* CDVCamera.m in Sources */ = {isa = PBXBuildFile; fileRef = 5445C9B83CD84AAB92C46BC8 /* CDVCamera.m */; };
		83FFA2D46EC54838B97A4CDC /* CDVJpegHeaderWriter.m in Sources */ = {isa = PBXBuildFile; fileRef = D320D9BF35C44111B22F89CD /* CDVJpegHeaderWriter.m */; };
		B04FDBF4D2A3425989339C48 /* ImageIO.framework in Frameworks */ = {isa = PBXBuildFile; fileRef = 441E50241AB44B74AEBCE239 /* ImageIO.framework */; settings = {ATTRIBUTES = (Weak, ); }; };
		C0920C6896874D41974B8BFF /* CoreLocation.framework in Frameworks */ = {isa = PBXBuildFile; fileRef = 10BA188FC16E4FD1BF92C483 /* CoreLocation.framework */; };
		F6FC5A33710A4AB0B501FCA6 /* AVFoundation.framework in Frameworks */ = {isa = PBXBuildFile; fileRef = 03A5F4317448488A9A117C89 /* AVFoundation.framework */; };
		DD295E07BD4E408494AAEEC4 /* CDVDevice.m in Sources */ = {isa = PBXBuildFile; fileRef = 2C04FE7C4EE04B959BCB0FF3 /* CDVDevice.m */; };
		14E28555BA0241E7B685B72A /* CDVNotification.m in Sources */ = {isa = PBXBuildFile; fileRef = BB9EDD9495564B8AA455257C /* CDVNotification.m */; };
		F097C3A4C05D47F1BE54660D /* CDVNotification.bundle in Resources */ = {isa = PBXBuildFile; fileRef = 83FC05910F674F8E98D30A63 /* CDVNotification.bundle */; };
		E7A77E136FE34B7AB723B4E3 /* AudioToolbox.framework in Frameworks */ = {isa = PBXBuildFile; fileRef = F8756F8E96954CC78CFF2C88 /* AudioToolbox.framework */; settings = {ATTRIBUTES = (Weak, ); }; };
		E1DD15D7101044A09E3AEF8D /* CDVFile.m in Sources */ = {isa = PBXBuildFile; fileRef = 2CC1B6E1B1154656A4B36517 /* CDVFile.m */; };
		4E67663E2DDB4CF19042D0B7 /* CDVLocalFilesystem.m in Sources */ = {isa = PBXBuildFile; fileRef = A8A6BE6CC62E48ABB095680A /* CDVLocalFilesystem.m */; };
		6ED0F180DB1B42DB8EDDDF3D /* CDVAssetLibraryFilesystem.m in Sources */ = {isa = PBXBuildFile; fileRef = 9788A0F31CFE436992D77E78 /* CDVAssetLibraryFilesystem.m */; };
		27A3F73A69E04AFFAF0D3302 /* CDVIonicKeyboard.m in Sources */ = {isa = PBXBuildFile; fileRef = A061A80B375642C1B7D1988E /* CDVIonicKeyboard.m */; };
		1549287F171246DCAA8D327F /* CDVWKWebViewEngine.m in Sources */ = {isa = PBXBuildFile; fileRef = 5BC4A4D0A3CF4629A21B39C3 /* CDVWKWebViewEngine.m */; };
		76DF0491A00841A7B57E7250 /* CDVWKWebViewUIDelegate.m in Sources */ = {isa = PBXBuildFile; fileRef = 467C4E89D52C4550B63B178F /* CDVWKWebViewUIDelegate.m */; };
		4D1469E3DCBD4AD98DB9EB9B /* CDVWKProcessPoolFactory.m in Sources */ = {isa = PBXBuildFile; fileRef = 85A036DBF87C456399B4C071 /* CDVWKProcessPoolFactory.m */; };
		542095B8A0D44A58876E4092 /* GCDWebServer.m in Sources */ = {isa = PBXBuildFile; fileRef = 5190740DC208425B94FB8D53 /* GCDWebServer.m */; };
		98D7DB830BD7476F8233912B /* GCDWebServerConnection.m in Sources */ = {isa = PBXBuildFile; fileRef = BEF600A103DE487ABC364A66 /* GCDWebServerConnection.m */; };
		739DC7DB391344B5957C1495 /* GCDWebServerFunctions.m in Sources */ = {isa = PBXBuildFile; fileRef = DB7163F7C9A14F0AB4C4357C /* GCDWebServerFunctions.m */; };
		468074BF652E486F8729C853 /* GCDWebServerRequest.m in Sources */ = {isa = PBXBuildFile; fileRef = 65F46B3805C245148958FA00 /* GCDWebServerRequest.m */; };
		17ED038630914F769DE13C94 /* GCDWebServerResponse.m in Sources */ = {isa = PBXBuildFile; fileRef = 29D0CBFB3C5D420F83333648 /* GCDWebServerResponse.m */; };
		3668BBDEE23F451EBF94F9DC /* GCDWebServerDataRequest.m in Sources */ = {isa = PBXBuildFile; fileRef = 013098F5C9D64710A5705B4A /* GCDWebServerDataRequest.m */; };
		F1052D550F90484AA1314668 /* GCDWebServerFileRequest.m in Sources */ = {isa = PBXBuildFile; fileRef = E116742E588147DE8848EC49 /* GCDWebServerFileRequest.m */; };
		F1F791B2E7B44AC585B83722 /* GCDWebServerMultiPartFormRequest.m in Sources */ = {isa = PBXBuildFile; fileRef = 6900358AAC8A467BB1F19785 /* GCDWebServerMultiPartFormRequest.m */; };
		4A8C64FB84D84DD188339A7B /* GCDWebServerURLEncodedFormRequest.m in Sources */ = {isa = PBXBuildFile; fileRef = A6186AE4BDDF4BBDA3CECB9F /* GCDWebServerURLEncodedFormRequest.m */; };
		591BBDCD0525461498176908 /* GCDWebServerDataResponse.m in Sources */ = {isa = PBXBuildFile; fileRef = 3030135C5AD643928CD7D211 /* GCDWebServerDataResponse.m */; };
		B4ACB549BE184FC183093EE4 /* GCDWebServerErrorResponse.m in Sources */ = {isa = PBXBuildFile; fileRef = E15E09B0D3C04F7BBCD4978B /* GCDWebServerErrorResponse.m */; };
		E331A11BBCC94743B4CCAEE7 /* GCDWebServerFileResponse.m in Sources */ = {isa = PBXBuildFile; fileRef = 66C1D3381BF84C548475143A /* GCDWebServerFileResponse.m */; };
		B1AB48BAC489415F8641C6F5 /* GCDWebServerStreamedResponse.m in Sources */ = {isa = PBXBuildFile; fileRef = 45F62BD4AE46462FB42E2A23 /* GCDWebServerStreamedResponse.m */; };
		F8CF0F96991646F0A8F7EAF3 /* WebKit.framework in Frameworks */ = {isa = PBXBuildFile; fileRef = A11C0E71241847849378B3BB /* WebKit.framework */; settings = {ATTRIBUTES = (Weak, ); }; };
		B6A6010A6CAA49F79A94EB45 /* libz.tbd in Frameworks */ = {isa = PBXBuildFile; fileRef = D67CF072AAE2491A9F2DCEE2 /* libz.tbd */; };
		D295463950F240FD99F06549 /* CDVSplashScreen.m in Sources */ = {isa = PBXBuildFile; fileRef = 228DB99E11B448EEA29D39AD /* CDVSplashScreen.m */; };
		EC56DD94A73640948C472D40 /* CDVViewController+SplashScreen.m in Sources */ = {isa = PBXBuildFile; fileRef = 38E297302A06428B81B26E75 /* CDVViewController+SplashScreen.m */; };
		3DFD861B43AB4EE38ED61E23 /* CDVStatusBar.m in Sources */ = {isa = PBXBuildFile; fileRef = 125E13503C3D4B80823D0D5C /* CDVStatusBar.m */; };
		AB69DF1EFF014298BC121840 /* NfcPlugin.m in Sources */ = {isa = PBXBuildFile; fileRef = B7113DBE40EA44279644E4FA /* NfcPlugin.m */; };
		AABA584BB50D4B4C8DB806F5 /* CoreNFC.framework in Frameworks */ = {isa = PBXBuildFile; fileRef = 283A1E011FCA4E13B672B989 /* CoreNFC.framework */; };
		D3A135DF434C4EB591DA7940 /* CDVBarcodeScanner.mm in Resources */ = {isa = PBXBuildFile; fileRef = D7F3311C7E0B40208081DCD7 /* CDVBarcodeScanner.mm */; };
		41543977F42E40A39E730581 /* scannerOverlay.xib in Resources */ = {isa = PBXBuildFile; fileRef = DF527674A2A040F68F210B28 /* scannerOverlay.xib */; };
		5BB21E85D4F74ADBA524B14E /* CDVBarcodeScanner.bundle in Resources */ = {isa = PBXBuildFile; fileRef = 624FCB057D0A4B68A20C340F /* CDVBarcodeScanner.bundle */; };
/* End PBXBuildFile section */

/* Begin PBXContainerItemProxy section */
		301BF534109A57CC0062928A /* PBXContainerItemProxy */ = {
			isa = PBXContainerItemProxy;
			containerPortal = 301BF52D109A57CC0062928A /* CordovaLib.xcodeproj */;
			proxyType = 2;
			remoteGlobalIDString = D2AAC07E0554694100DB518D;
			remoteInfo = CordovaLib;
		};
		301BF550109A68C00062928A /* PBXContainerItemProxy */ = {
			isa = PBXContainerItemProxy;
			containerPortal = 301BF52D109A57CC0062928A /* CordovaLib.xcodeproj */;
			proxyType = 1;
			remoteGlobalIDString = D2AAC07D0554694100DB518D;
			remoteInfo = CordovaLib;
		};
/* End PBXContainerItemProxy section */

/* Begin PBXFileReference section */
		0207DA571B56EA530066E2B4 /* Images.xcassets */ = {isa = PBXFileReference; lastKnownFileType = folder.assetcatalog; name = Images.xcassets; path = "NFC App/Images.xcassets"; sourceTree = SOURCE_ROOT; };
		1D3623240D0F684500981E51 /* AppDelegate.h */ = {isa = PBXFileReference; fileEncoding = 4; lastKnownFileType = sourcecode.c.h; path = AppDelegate.h; sourceTree = "<group>"; };
		1D3623250D0F684500981E51 /* AppDelegate.m */ = {isa = PBXFileReference; fileEncoding = 4; lastKnownFileType = sourcecode.c.objc; path = AppDelegate.m; sourceTree = "<group>"; };
		1D6058910D05DD3D006BFB54 /* NFC App.app */ = {isa = PBXFileReference; explicitFileType = wrapper.application; includeInIndex = 0; path = "NFC App.app"; sourceTree = BUILT_PRODUCTS_DIR; };
		29B97316FDCFA39411CA2CEA /* main.m */ = {isa = PBXFileReference; fileEncoding = 4; lastKnownFileType = sourcecode.c.objc; path = main.m; sourceTree = "<group>"; };
		301BF52D109A57CC0062928A /* CordovaLib.xcodeproj */ = {isa = PBXFileReference; lastKnownFileType = "wrapper.pb-project"; name = CordovaLib.xcodeproj; path = CordovaLib/CordovaLib.xcodeproj; sourceTree = "<group>"; };
		301BF56E109A69640062928A /* www */ = {isa = PBXFileReference; lastKnownFileType = folder; path = www; sourceTree = SOURCE_ROOT; };
		302D95EE14D2391D003F00A1 /* MainViewController.h */ = {isa = PBXFileReference; fileEncoding = 4; lastKnownFileType = sourcecode.c.h; path = MainViewController.h; sourceTree = "<group>"; };
		302D95EF14D2391D003F00A1 /* MainViewController.m */ = {isa = PBXFileReference; fileEncoding = 4; lastKnownFileType = sourcecode.c.objc; path = MainViewController.m; sourceTree = "<group>"; };
		302D95F014D2391D003F00A1 /* MainViewController.xib */ = {isa = PBXFileReference; fileEncoding = 4; lastKnownFileType = file.xib; path = MainViewController.xib; sourceTree = "<group>"; };
		3047A50F1AB8059700498E2A /* build-debug.xcconfig */ = {isa = PBXFileReference; fileEncoding = 4; lastKnownFileType = text.xcconfig; name = "build-debug.xcconfig"; path = cordova/build-debug.xcconfig; sourceTree = SOURCE_ROOT; };
		3047A5101AB8059700498E2A /* build-release.xcconfig */ = {isa = PBXFileReference; fileEncoding = 4; lastKnownFileType = text.xcconfig; name = "build-release.xcconfig"; path = cordova/build-release.xcconfig; sourceTree = SOURCE_ROOT; };
		3047A5111AB8059700498E2A /* build.xcconfig */ = {isa = PBXFileReference; fileEncoding = 4; lastKnownFileType = text.xcconfig; name = build.xcconfig; path = cordova/build.xcconfig; sourceTree = SOURCE_ROOT; };
		32CA4F630368D1EE00C91783 /* NFC App-Prefix.pch */ = {isa = PBXFileReference; fileEncoding = 4; lastKnownFileType = sourcecode.c.h; path = "NFC App-Prefix.pch"; sourceTree = "<group>"; };
		6AFF5BF81D6E424B00AB3073 /* CDVLaunchScreen.storyboard */ = {isa = PBXFileReference; fileEncoding = 4; lastKnownFileType = file.storyboard; name = CDVLaunchScreen.storyboard; path = "NFC App/CDVLaunchScreen.storyboard"; sourceTree = SOURCE_ROOT; };
		8D1107310486CEB800E47090 /* NFC App-Info.plist */ = {isa = PBXFileReference; fileEncoding = 4; lastKnownFileType = text.plist.xml; name = "NFC App-Info.plist"; path = "NFC App/NFC App-Info.plist"; plistStructureDefinitionIdentifier = "com.apple.xcode.plist.structure-definition.iphone.info-plist"; sourceTree = SOURCE_ROOT; };
		EB87FDF31871DA8E0020F90C /* www */ = {isa = PBXFileReference; lastKnownFileType = folder; name = www; path = ../../www; sourceTree = "<group>"; };
		EB87FDF41871DAF40020F90C /* config.xml */ = {isa = PBXFileReference; lastKnownFileType = text.xml; name = config.xml; path = ../../config.xml; sourceTree = "<group>"; };
		F840E1F0165FE0F500CFE078 /* config.xml */ = {isa = PBXFileReference; lastKnownFileType = text.xml; name = config.xml; path = "NFC App/config.xml"; sourceTree = "<group>"; };
		ED33DF2A687741AEAF9F8254 /* Bridging-Header.h */ = {isa = PBXFileReference; fileEncoding = 4; lastKnownFileType = sourcecode.c.h; name = "Bridging-Header.h"; path = "Bridging-Header.h"; sourceTree = "<group>"; };
		6710B713E36B483DB6845BE7 /* UIImage+CropScaleOrientation.m */ = {isa = PBXFileReference; name = "UIImage+CropScaleOrientation.m"; path = "cordova-plugin-camera/UIImage+CropScaleOrientation.m"; sourceTree = "<group>"; fileEncoding = 4; lastKnownFileType = sourcecode.c.objc; explicitFileType = undefined; includeInIndex = 0; };
		5445C9B83CD84AAB92C46BC8 /* CDVCamera.m */ = {isa = PBXFileReference; name = "CDVCamera.m"; path = "cordova-plugin-camera/CDVCamera.m"; sourceTree = "<group>"; fileEncoding = 4; lastKnownFileType = sourcecode.c.objc; explicitFileType = undefined; includeInIndex = 0; };
		D320D9BF35C44111B22F89CD /* CDVJpegHeaderWriter.m */ = {isa = PBXFileReference; name = "CDVJpegHeaderWriter.m"; path = "cordova-plugin-camera/CDVJpegHeaderWriter.m"; sourceTree = "<group>"; fileEncoding = 4; lastKnownFileType = sourcecode.c.objc; explicitFileType = undefined; includeInIndex = 0; };
		F40A97FB8ABA4311966DB93D /* UIImage+CropScaleOrientation.h */ = {isa = PBXFileReference; name = "UIImage+CropScaleOrientation.h"; path = "cordova-plugin-camera/UIImage+CropScaleOrientation.h"; sourceTree = "<group>"; fileEncoding = 4; lastKnownFileType = sourcecode.c.h; explicitFileType = undefined; includeInIndex = 0; };
		B2B58A1CD5BC41F38A869FA0 /* CDVCamera.h */ = {isa = PBXFileReference; name = "CDVCamera.h"; path = "cordova-plugin-camera/CDVCamera.h"; sourceTree = "<group>"; fileEncoding = 4; lastKnownFileType = sourcecode.c.h; explicitFileType = undefined; includeInIndex = 0; };
		50412166DFA641CBAB1518E6 /* CDVJpegHeaderWriter.h */ = {isa = PBXFileReference; name = "CDVJpegHeaderWriter.h"; path = "cordova-plugin-camera/CDVJpegHeaderWriter.h"; sourceTree = "<group>"; fileEncoding = 4; lastKnownFileType = sourcecode.c.h; explicitFileType = undefined; includeInIndex = 0; };
		AEE0154A9C364E62AA82E842 /* CDVExif.h */ = {isa = PBXFileReference; name = "CDVExif.h"; path = "cordova-plugin-camera/CDVExif.h"; sourceTree = "<group>"; fileEncoding = 4; lastKnownFileType = sourcecode.c.h; explicitFileType = undefined; includeInIndex = 0; };
		441E50241AB44B74AEBCE239 /* ImageIO.framework */ = {isa = PBXFileReference; name = "ImageIO.framework"; path = "System/Library/Frameworks/ImageIO.framework"; sourceTree = SDKROOT; fileEncoding = undefined; lastKnownFileType = wrapper.framework; explicitFileType = undefined; includeInIndex = 0; };
		10BA188FC16E4FD1BF92C483 /* CoreLocation.framework */ = {isa = PBXFileReference; name = "CoreLocation.framework"; path = "System/Library/Frameworks/CoreLocation.framework"; sourceTree = SDKROOT; fileEncoding = undefined; lastKnownFileType = wrapper.framework; explicitFileType = undefined; includeInIndex = 0; };
		03A5F4317448488A9A117C89 /* AVFoundation.framework */ = {isa = PBXFileReference; name = "AVFoundation.framework"; path = "System/Library/Frameworks/AVFoundation.framework"; sourceTree = SDKROOT; fileEncoding = undefined; lastKnownFileType = wrapper.framework; explicitFileType = undefined; includeInIndex = 0; };
		2C04FE7C4EE04B959BCB0FF3 /* CDVDevice.m */ = {isa = PBXFileReference; name = "CDVDevice.m"; path = "cordova-plugin-device/CDVDevice.m"; sourceTree = "<group>"; fileEncoding = 4; lastKnownFileType = sourcecode.c.objc; explicitFileType = undefined; includeInIndex = 0; };
		12778B2C715F4CBDBE5CC46D /* CDVDevice.h */ = {isa = PBXFileReference; name = "CDVDevice.h"; path = "cordova-plugin-device/CDVDevice.h"; sourceTree = "<group>"; fileEncoding = 4; lastKnownFileType = sourcecode.c.h; explicitFileType = undefined; includeInIndex = 0; };
		BB9EDD9495564B8AA455257C /* CDVNotification.m */ = {isa = PBXFileReference; name = "CDVNotification.m"; path = "cordova-plugin-dialogs/CDVNotification.m"; sourceTree = "<group>"; fileEncoding = 4; lastKnownFileType = sourcecode.c.objc; explicitFileType = undefined; includeInIndex = 0; };
		9A1343CDE3624C5698413BD4 /* CDVNotification.h */ = {isa = PBXFileReference; name = "CDVNotification.h"; path = "cordova-plugin-dialogs/CDVNotification.h"; sourceTree = "<group>"; fileEncoding = 4; lastKnownFileType = sourcecode.c.h; explicitFileType = undefined; includeInIndex = 0; };
		83FC05910F674F8E98D30A63 /* CDVNotification.bundle */ = {isa = PBXFileReference; name = "CDVNotification.bundle"; path = "CDVNotification.bundle"; sourceTree = "<group>"; fileEncoding = undefined; lastKnownFileType = wrapper.plug-in; explicitFileType = undefined; includeInIndex = 0; };
		F8756F8E96954CC78CFF2C88 /* AudioToolbox.framework */ = {isa = PBXFileReference; name = "AudioToolbox.framework"; path = "System/Library/Frameworks/AudioToolbox.framework"; sourceTree = SDKROOT; fileEncoding = undefined; lastKnownFileType = wrapper.framework; explicitFileType = undefined; includeInIndex = 0; };
		2CC1B6E1B1154656A4B36517 /* CDVFile.m */ = {isa = PBXFileReference; name = "CDVFile.m"; path = "cordova-plugin-file/CDVFile.m"; sourceTree = "<group>"; fileEncoding = 4; lastKnownFileType = sourcecode.c.objc; explicitFileType = undefined; includeInIndex = 0; };
		A8A6BE6CC62E48ABB095680A /* CDVLocalFilesystem.m */ = {isa = PBXFileReference; name = "CDVLocalFilesystem.m"; path = "cordova-plugin-file/CDVLocalFilesystem.m"; sourceTree = "<group>"; fileEncoding = 4; lastKnownFileType = sourcecode.c.objc; explicitFileType = undefined; includeInIndex = 0; };
		9788A0F31CFE436992D77E78 /* CDVAssetLibraryFilesystem.m */ = {isa = PBXFileReference; name = "CDVAssetLibraryFilesystem.m"; path = "cordova-plugin-file/CDVAssetLibraryFilesystem.m"; sourceTree = "<group>"; fileEncoding = 4; lastKnownFileType = sourcecode.c.objc; explicitFileType = undefined; includeInIndex = 0; };
		7FDDE66D77B64AE9BD17A918 /* CDVFile.h */ = {isa = PBXFileReference; name = "CDVFile.h"; path = "cordova-plugin-file/CDVFile.h"; sourceTree = "<group>"; fileEncoding = 4; lastKnownFileType = sourcecode.c.h; explicitFileType = undefined; includeInIndex = 0; };
		CAF3D46260574877B1F63BCB /* CDVLocalFilesystem.h */ = {isa = PBXFileReference; name = "CDVLocalFilesystem.h"; path = "cordova-plugin-file/CDVLocalFilesystem.h"; sourceTree = "<group>"; fileEncoding = 4; lastKnownFileType = sourcecode.c.h; explicitFileType = undefined; includeInIndex = 0; };
		D68DE23F3C33423F85CA1615 /* CDVAssetLibraryFilesystem.h */ = {isa = PBXFileReference; name = "CDVAssetLibraryFilesystem.h"; path = "cordova-plugin-file/CDVAssetLibraryFilesystem.h"; sourceTree = "<group>"; fileEncoding = 4; lastKnownFileType = sourcecode.c.h; explicitFileType = undefined; includeInIndex = 0; };
		A061A80B375642C1B7D1988E /* CDVIonicKeyboard.m */ = {isa = PBXFileReference; name = "CDVIonicKeyboard.m"; path = "cordova-plugin-ionic-keyboard/CDVIonicKeyboard.m"; sourceTree = "<group>"; fileEncoding = 4; lastKnownFileType = sourcecode.c.objc; explicitFileType = undefined; includeInIndex = 0; };
		90B71293743D45A4B4866F5D /* CDVIonicKeyboard.h */ = {isa = PBXFileReference; name = "CDVIonicKeyboard.h"; path = "cordova-plugin-ionic-keyboard/CDVIonicKeyboard.h"; sourceTree = "<group>"; fileEncoding = 4; lastKnownFileType = sourcecode.c.h; explicitFileType = undefined; includeInIndex = 0; };
		5BC4A4D0A3CF4629A21B39C3 /* CDVWKWebViewEngine.m */ = {isa = PBXFileReference; name = "CDVWKWebViewEngine.m"; path = "cordova-plugin-ionic-webview/CDVWKWebViewEngine.m"; sourceTree = "<group>"; fileEncoding = 4; lastKnownFileType = sourcecode.c.objc; explicitFileType = undefined; includeInIndex = 0; };
		467C4E89D52C4550B63B178F /* CDVWKWebViewUIDelegate.m */ = {isa = PBXFileReference; name = "CDVWKWebViewUIDelegate.m"; path = "cordova-plugin-ionic-webview/CDVWKWebViewUIDelegate.m"; sourceTree = "<group>"; fileEncoding = 4; lastKnownFileType = sourcecode.c.objc; explicitFileType = undefined; includeInIndex = 0; };
		85A036DBF87C456399B4C071 /* CDVWKProcessPoolFactory.m */ = {isa = PBXFileReference; name = "CDVWKProcessPoolFactory.m"; path = "cordova-plugin-ionic-webview/CDVWKProcessPoolFactory.m"; sourceTree = "<group>"; fileEncoding = 4; lastKnownFileType = sourcecode.c.objc; explicitFileType = undefined; includeInIndex = 0; };
		5190740DC208425B94FB8D53 /* GCDWebServer.m */ = {isa = PBXFileReference; name = "GCDWebServer.m"; path = "cordova-plugin-ionic-webview/GCDWebServer.m"; sourceTree = "<group>"; fileEncoding = 4; lastKnownFileType = sourcecode.c.objc; explicitFileType = undefined; includeInIndex = 0; };
		BEF600A103DE487ABC364A66 /* GCDWebServerConnection.m */ = {isa = PBXFileReference; name = "GCDWebServerConnection.m"; path = "cordova-plugin-ionic-webview/GCDWebServerConnection.m"; sourceTree = "<group>"; fileEncoding = 4; lastKnownFileType = sourcecode.c.objc; explicitFileType = undefined; includeInIndex = 0; };
		DB7163F7C9A14F0AB4C4357C /* GCDWebServerFunctions.m */ = {isa = PBXFileReference; name = "GCDWebServerFunctions.m"; path = "cordova-plugin-ionic-webview/GCDWebServerFunctions.m"; sourceTree = "<group>"; fileEncoding = 4; lastKnownFileType = sourcecode.c.objc; explicitFileType = undefined; includeInIndex = 0; };
		65F46B3805C245148958FA00 /* GCDWebServerRequest.m */ = {isa = PBXFileReference; name = "GCDWebServerRequest.m"; path = "cordova-plugin-ionic-webview/GCDWebServerRequest.m"; sourceTree = "<group>"; fileEncoding = 4; lastKnownFileType = sourcecode.c.objc; explicitFileType = undefined; includeInIndex = 0; };
		29D0CBFB3C5D420F83333648 /* GCDWebServerResponse.m */ = {isa = PBXFileReference; name = "GCDWebServerResponse.m"; path = "cordova-plugin-ionic-webview/GCDWebServerResponse.m"; sourceTree = "<group>"; fileEncoding = 4; lastKnownFileType = sourcecode.c.objc; explicitFileType = undefined; includeInIndex = 0; };
		013098F5C9D64710A5705B4A /* GCDWebServerDataRequest.m */ = {isa = PBXFileReference; name = "GCDWebServerDataRequest.m"; path = "cordova-plugin-ionic-webview/GCDWebServerDataRequest.m"; sourceTree = "<group>"; fileEncoding = 4; lastKnownFileType = sourcecode.c.objc; explicitFileType = undefined; includeInIndex = 0; };
		E116742E588147DE8848EC49 /* GCDWebServerFileRequest.m */ = {isa = PBXFileReference; name = "GCDWebServerFileRequest.m"; path = "cordova-plugin-ionic-webview/GCDWebServerFileRequest.m"; sourceTree = "<group>"; fileEncoding = 4; lastKnownFileType = sourcecode.c.objc; explicitFileType = undefined; includeInIndex = 0; };
		6900358AAC8A467BB1F19785 /* GCDWebServerMultiPartFormRequest.m */ = {isa = PBXFileReference; name = "GCDWebServerMultiPartFormRequest.m"; path = "cordova-plugin-ionic-webview/GCDWebServerMultiPartFormRequest.m"; sourceTree = "<group>"; fileEncoding = 4; lastKnownFileType = sourcecode.c.objc; explicitFileType = undefined; includeInIndex = 0; };
		A6186AE4BDDF4BBDA3CECB9F /* GCDWebServerURLEncodedFormRequest.m */ = {isa = PBXFileReference; name = "GCDWebServerURLEncodedFormRequest.m"; path = "cordova-plugin-ionic-webview/GCDWebServerURLEncodedFormRequest.m"; sourceTree = "<group>"; fileEncoding = 4; lastKnownFileType = sourcecode.c.objc; explicitFileType = undefined; includeInIndex = 0; };
		3030135C5AD643928CD7D211 /* GCDWebServerDataResponse.m */ = {isa = PBXFileReference; name = "GCDWebServerDataResponse.m"; path = "cordova-plugin-ionic-webview/GCDWebServerDataResponse.m"; sourceTree = "<group>"; fileEncoding = 4; lastKnownFileType = sourcecode.c.objc; explicitFileType = undefined; includeInIndex = 0; };
		E15E09B0D3C04F7BBCD4978B /* GCDWebServerErrorResponse.m */ = {isa = PBXFileReference; name = "GCDWebServerErrorResponse.m"; path = "cordova-plugin-ionic-webview/GCDWebServerErrorResponse.m"; sourceTree = "<group>"; fileEncoding = 4; lastKnownFileType = sourcecode.c.objc; explicitFileType = undefined; includeInIndex = 0; };
		66C1D3381BF84C548475143A /* GCDWebServerFileResponse.m */ = {isa = PBXFileReference; name = "GCDWebServerFileResponse.m"; path = "cordova-plugin-ionic-webview/GCDWebServerFileResponse.m"; sourceTree = "<group>"; fileEncoding = 4; lastKnownFileType = sourcecode.c.objc; explicitFileType = undefined; includeInIndex = 0; };
		45F62BD4AE46462FB42E2A23 /* GCDWebServerStreamedResponse.m */ = {isa = PBXFileReference; name = "GCDWebServerStreamedResponse.m"; path = "cordova-plugin-ionic-webview/GCDWebServerStreamedResponse.m"; sourceTree = "<group>"; fileEncoding = 4; lastKnownFileType = sourcecode.c.objc; explicitFileType = undefined; includeInIndex = 0; };
		1C11797D4A6B4BCCBE66B38D /* CDVWKWebViewEngine.h */ = {isa = PBXFileReference; name = "CDVWKWebViewEngine.h"; path = "cordova-plugin-ionic-webview/CDVWKWebViewEngine.h"; sourceTree = "<group>"; fileEncoding = 4; lastKnownFileType = sourcecode.c.h; explicitFileType = undefined; includeInIndex = 0; };
		D85DA9BDAAA34CDF94704533 /* CDVWKWebViewUIDelegate.h */ = {isa = PBXFileReference; name = "CDVWKWebViewUIDelegate.h"; path = "cordova-plugin-ionic-webview/CDVWKWebViewUIDelegate.h"; sourceTree = "<group>"; fileEncoding = 4; lastKnownFileType = sourcecode.c.h; explicitFileType = undefined; includeInIndex = 0; };
		4C509D0BED4649CEA5F6A605 /* CDVWKProcessPoolFactory.h */ = {isa = PBXFileReference; name = "CDVWKProcessPoolFactory.h"; path = "cordova-plugin-ionic-webview/CDVWKProcessPoolFactory.h"; sourceTree = "<group>"; fileEncoding = 4; lastKnownFileType = sourcecode.c.h; explicitFileType = undefined; includeInIndex = 0; };
		7F470C3CBD5143D9A0A08FA3 /* GCDWebServer.h */ = {isa = PBXFileReference; name = "GCDWebServer.h"; path = "cordova-plugin-ionic-webview/GCDWebServer.h"; sourceTree = "<group>"; fileEncoding = 4; lastKnownFileType = sourcecode.c.h; explicitFileType = undefined; includeInIndex = 0; };
		29BD51D63E0D4374B4316EFB /* GCDWebServerConnection.h */ = {isa = PBXFileReference; name = "GCDWebServerConnection.h"; path = "cordova-plugin-ionic-webview/GCDWebServerConnection.h"; sourceTree = "<group>"; fileEncoding = 4; lastKnownFileType = sourcecode.c.h; explicitFileType = undefined; includeInIndex = 0; };
		7DD718962A39467A9C73F433 /* GCDWebServerFunctions.h */ = {isa = PBXFileReference; name = "GCDWebServerFunctions.h"; path = "cordova-plugin-ionic-webview/GCDWebServerFunctions.h"; sourceTree = "<group>"; fileEncoding = 4; lastKnownFileType = sourcecode.c.h; explicitFileType = undefined; includeInIndex = 0; };
		0C439218F55D4CB7AEC6D7D7 /* GCDWebServerHTTPStatusCodes.h */ = {isa = PBXFileReference; name = "GCDWebServerHTTPStatusCodes.h"; path = "cordova-plugin-ionic-webview/GCDWebServerHTTPStatusCodes.h"; sourceTree = "<group>"; fileEncoding = 4; lastKnownFileType = sourcecode.c.h; explicitFileType = undefined; includeInIndex = 0; };
		56CF2221214649D28A47483A /* GCDWebServerPrivate.h */ = {isa = PBXFileReference; name = "GCDWebServerPrivate.h"; path = "cordova-plugin-ionic-webview/GCDWebServerPrivate.h"; sourceTree = "<group>"; fileEncoding = 4; lastKnownFileType = sourcecode.c.h; explicitFileType = undefined; includeInIndex = 0; };
		9D699F054F80472D8AADF9B9 /* GCDWebServerRequest.h */ = {isa = PBXFileReference; name = "GCDWebServerRequest.h"; path = "cordova-plugin-ionic-webview/GCDWebServerRequest.h"; sourceTree = "<group>"; fileEncoding = 4; lastKnownFileType = sourcecode.c.h; explicitFileType = undefined; includeInIndex = 0; };
		7777DCD26F694B80A1257429 /* GCDWebServerResponse.h */ = {isa = PBXFileReference; name = "GCDWebServerResponse.h"; path = "cordova-plugin-ionic-webview/GCDWebServerResponse.h"; sourceTree = "<group>"; fileEncoding = 4; lastKnownFileType = sourcecode.c.h; explicitFileType = undefined; includeInIndex = 0; };
		F636A00F6FA24054914D78C7 /* GCDWebServerDataRequest.h */ = {isa = PBXFileReference; name = "GCDWebServerDataRequest.h"; path = "cordova-plugin-ionic-webview/GCDWebServerDataRequest.h"; sourceTree = "<group>"; fileEncoding = 4; lastKnownFileType = sourcecode.c.h; explicitFileType = undefined; includeInIndex = 0; };
		C3FF0684D7BD40CDAF122FD7 /* GCDWebServerFileRequest.h */ = {isa = PBXFileReference; name = "GCDWebServerFileRequest.h"; path = "cordova-plugin-ionic-webview/GCDWebServerFileRequest.h"; sourceTree = "<group>"; fileEncoding = 4; lastKnownFileType = sourcecode.c.h; explicitFileType = undefined; includeInIndex = 0; };
		70D778E70BEA476194114C74 /* GCDWebServerMultiPartFormRequest.h */ = {isa = PBXFileReference; name = "GCDWebServerMultiPartFormRequest.h"; path = "cordova-plugin-ionic-webview/GCDWebServerMultiPartFormRequest.h"; sourceTree = "<group>"; fileEncoding = 4; lastKnownFileType = sourcecode.c.h; explicitFileType = undefined; includeInIndex = 0; };
		654B2FE330E44F28B9392885 /* GCDWebServerURLEncodedFormRequest.h */ = {isa = PBXFileReference; name = "GCDWebServerURLEncodedFormRequest.h"; path = "cordova-plugin-ionic-webview/GCDWebServerURLEncodedFormRequest.h"; sourceTree = "<group>"; fileEncoding = 4; lastKnownFileType = sourcecode.c.h; explicitFileType = undefined; includeInIndex = 0; };
		087C1CAC04EF4C9497AC9063 /* GCDWebServerDataResponse.h */ = {isa = PBXFileReference; name = "GCDWebServerDataResponse.h"; path = "cordova-plugin-ionic-webview/GCDWebServerDataResponse.h"; sourceTree = "<group>"; fileEncoding = 4; lastKnownFileType = sourcecode.c.h; explicitFileType = undefined; includeInIndex = 0; };
		271386E4D1CC451996E81FE1 /* GCDWebServerErrorResponse.h */ = {isa = PBXFileReference; name = "GCDWebServerErrorResponse.h"; path = "cordova-plugin-ionic-webview/GCDWebServerErrorResponse.h"; sourceTree = "<group>"; fileEncoding = 4; lastKnownFileType = sourcecode.c.h; explicitFileType = undefined; includeInIndex = 0; };
		7B40B49A919B4768BA0C0D45 /* GCDWebServerFileResponse.h */ = {isa = PBXFileReference; name = "GCDWebServerFileResponse.h"; path = "cordova-plugin-ionic-webview/GCDWebServerFileResponse.h"; sourceTree = "<group>"; fileEncoding = 4; lastKnownFileType = sourcecode.c.h; explicitFileType = undefined; includeInIndex = 0; };
		AC192F11ED7A4C0CB2F26660 /* GCDWebServerStreamedResponse.h */ = {isa = PBXFileReference; name = "GCDWebServerStreamedResponse.h"; path = "cordova-plugin-ionic-webview/GCDWebServerStreamedResponse.h"; sourceTree = "<group>"; fileEncoding = 4; lastKnownFileType = sourcecode.c.h; explicitFileType = undefined; includeInIndex = 0; };
		A11C0E71241847849378B3BB /* WebKit.framework */ = {isa = PBXFileReference; name = "WebKit.framework"; path = "System/Library/Frameworks/WebKit.framework"; sourceTree = SDKROOT; fileEncoding = undefined; lastKnownFileType = wrapper.framework; explicitFileType = undefined; includeInIndex = 0; };
		D67CF072AAE2491A9F2DCEE2 /* libz.tbd */ = {isa = PBXFileReference; name = "libz.tbd"; path = "usr/lib/libz.tbd"; sourceTree = SDKROOT; fileEncoding = undefined; lastKnownFileType = sourcecode.text-based-dylib-definition; explicitFileType = undefined; includeInIndex = 0; };
		228DB99E11B448EEA29D39AD /* CDVSplashScreen.m */ = {isa = PBXFileReference; name = "CDVSplashScreen.m"; path = "cordova-plugin-splashscreen/CDVSplashScreen.m"; sourceTree = "<group>"; fileEncoding = 4; lastKnownFileType = sourcecode.c.objc; explicitFileType = undefined; includeInIndex = 0; };
		38E297302A06428B81B26E75 /* CDVViewController+SplashScreen.m */ = {isa = PBXFileReference; name = "CDVViewController+SplashScreen.m"; path = "cordova-plugin-splashscreen/CDVViewController+SplashScreen.m"; sourceTree = "<group>"; fileEncoding = 4; lastKnownFileType = sourcecode.c.objc; explicitFileType = undefined; includeInIndex = 0; };
		4E00C629ACC34E1B8B9B5C74 /* CDVSplashScreen.h */ = {isa = PBXFileReference; name = "CDVSplashScreen.h"; path = "cordova-plugin-splashscreen/CDVSplashScreen.h"; sourceTree = "<group>"; fileEncoding = 4; lastKnownFileType = sourcecode.c.h; explicitFileType = undefined; includeInIndex = 0; };
		390F8A5C14494BCDB50544A1 /* CDVViewController+SplashScreen.h */ = {isa = PBXFileReference; name = "CDVViewController+SplashScreen.h"; path = "cordova-plugin-splashscreen/CDVViewController+SplashScreen.h"; sourceTree = "<group>"; fileEncoding = 4; lastKnownFileType = sourcecode.c.h; explicitFileType = undefined; includeInIndex = 0; };
		125E13503C3D4B80823D0D5C /* CDVStatusBar.m */ = {isa = PBXFileReference; name = "CDVStatusBar.m"; path = "cordova-plugin-statusbar/CDVStatusBar.m"; sourceTree = "<group>"; fileEncoding = 4; lastKnownFileType = sourcecode.c.objc; explicitFileType = undefined; includeInIndex = 0; };
		C08543CA42CC44DE9DABC361 /* CDVStatusBar.h */ = {isa = PBXFileReference; name = "CDVStatusBar.h"; path = "cordova-plugin-statusbar/CDVStatusBar.h"; sourceTree = "<group>"; fileEncoding = 4; lastKnownFileType = sourcecode.c.h; explicitFileType = undefined; includeInIndex = 0; };
		B7113DBE40EA44279644E4FA /* NfcPlugin.m */ = {isa = PBXFileReference; name = "NfcPlugin.m"; path = "phonegap-nfc/NfcPlugin.m"; sourceTree = "<group>"; fileEncoding = 4; lastKnownFileType = sourcecode.c.objc; explicitFileType = undefined; includeInIndex = 0; };
		98FF2436F44B41789AF5C5F5 /* NfcPlugin.h */ = {isa = PBXFileReference; name = "NfcPlugin.h"; path = "phonegap-nfc/NfcPlugin.h"; sourceTree = "<group>"; fileEncoding = 4; lastKnownFileType = sourcecode.c.h; explicitFileType = undefined; includeInIndex = 0; };
		283A1E011FCA4E13B672B989 /* CoreNFC.framework */ = {isa = PBXFileReference; name = "CoreNFC.framework"; path = "System/Library/Frameworks/CoreNFC.framework"; sourceTree = SDKROOT; fileEncoding = undefined; lastKnownFileType = wrapper.framework; explicitFileType = undefined; includeInIndex = 0; };
		D7F3311C7E0B40208081DCD7 /* CDVBarcodeScanner.mm */ = {isa = PBXFileReference; name = "CDVBarcodeScanner.mm"; path = "phonegap-plugin-barcodescanner/CDVBarcodeScanner.mm"; sourceTree = "<group>"; fileEncoding = undefined; lastKnownFileType = unknown; explicitFileType = undefined; includeInIndex = 0; };
		DF527674A2A040F68F210B28 /* scannerOverlay.xib */ = {isa = PBXFileReference; name = "scannerOverlay.xib"; path = "scannerOverlay.xib"; sourceTree = "<group>"; fileEncoding = undefined; lastKnownFileType = file.xib; explicitFileType = undefined; includeInIndex = 0; };
		624FCB057D0A4B68A20C340F /* CDVBarcodeScanner.bundle */ = {isa = PBXFileReference; name = "CDVBarcodeScanner.bundle"; path = "CDVBarcodeScanner.bundle"; sourceTree = "<group>"; fileEncoding = undefined; lastKnownFileType = wrapper.plug-in; explicitFileType = undefined; includeInIndex = 0; };
/* End PBXFileReference section */

/* Begin PBXFrameworksBuildPhase section */
		1D60588F0D05DD3D006BFB54 /* Frameworks */ = {
			isa = PBXFrameworksBuildPhase;
			buildActionMask = 2147483647;
			files = (
				301BF552109A68D80062928A /* libCordova.a in Frameworks */,
				B04FDBF4D2A3425989339C48 /* ImageIO.framework in Frameworks */,
				C0920C6896874D41974B8BFF /* CoreLocation.framework in Frameworks */,
				F6FC5A33710A4AB0B501FCA6 /* AVFoundation.framework in Frameworks */,
				E7A77E136FE34B7AB723B4E3 /* AudioToolbox.framework in Frameworks */,
				F8CF0F96991646F0A8F7EAF3 /* WebKit.framework in Frameworks */,
				B6A6010A6CAA49F79A94EB45 /* libz.tbd in Frameworks */,
				AABA584BB50D4B4C8DB806F5 /* CoreNFC.framework in Frameworks */,
			);
			runOnlyForDeploymentPostprocessing = 0;
		};
/* End PBXFrameworksBuildPhase section */

/* Begin PBXGroup section */
		080E96DDFE201D6D7F000001 /* Classes */ = {
			isa = PBXGroup;
			children = (
				302D95EE14D2391D003F00A1 /* MainViewController.h */,
				302D95EF14D2391D003F00A1 /* MainViewController.m */,
				302D95F014D2391D003F00A1 /* MainViewController.xib */,
				1D3623240D0F684500981E51 /* AppDelegate.h */,
				1D3623250D0F684500981E51 /* AppDelegate.m */,
			);
			name = Classes;
			path = "NFC App/Classes";
			sourceTree = SOURCE_ROOT;
		};
		19C28FACFE9D520D11CA2CBB /* Products */ = {
			isa = PBXGroup;
			children = (
				1D6058910D05DD3D006BFB54 /* NFC App.app */,
			);
			name = Products;
			sourceTree = "<group>";
		};
		29B97314FDCFA39411CA2CEA /* CustomTemplate */ = {
			isa = PBXGroup;
			children = (
				EB87FDF41871DAF40020F90C /* config.xml */,
				EB87FDF31871DA8E0020F90C /* www */,
				EB87FDF11871DA420020F90C /* Staging */,
				301BF52D109A57CC0062928A /* CordovaLib.xcodeproj */,
				080E96DDFE201D6D7F000001 /* Classes */,
				307C750510C5A3420062BCA9 /* Plugins */,
				29B97315FDCFA39411CA2CEA /* Other Sources */,
				29B97317FDCFA39411CA2CEA /* Resources */,
				29B97323FDCFA39411CA2CEA /* Frameworks */,
				19C28FACFE9D520D11CA2CBB /* Products */,
			);
			name = CustomTemplate;
			sourceTree = "<group>";
		};
		29B97315FDCFA39411CA2CEA /* Other Sources */ = {
			isa = PBXGroup;
			children = (
				32CA4F630368D1EE00C91783 /* NFC App-Prefix.pch */,
				29B97316FDCFA39411CA2CEA /* main.m */,
				ED33DF2A687741AEAF9F8254 /* Bridging-Header.h */,
			);
			name = "Other Sources";
			path = "NFC App";
			sourceTree = "<group>";
		};
		29B97317FDCFA39411CA2CEA /* Resources */ = {
			isa = PBXGroup;
			children = (
				0207DA571B56EA530066E2B4 /* Images.xcassets */,
				3047A50E1AB8057F00498E2A /* config */,
				8D1107310486CEB800E47090 /* NFC App-Info.plist */,
				6AFF5BF81D6E424B00AB3073 /* CDVLaunchScreen.storyboard */,
				83FC05910F674F8E98D30A63 /* CDVNotification.bundle */,
				DF527674A2A040F68F210B28 /* scannerOverlay.xib */,
				624FCB057D0A4B68A20C340F /* CDVBarcodeScanner.bundle */,
			);
			name = Resources;
			path = "NFC App/Resources";
			sourceTree = "<group>";
		};
		29B97323FDCFA39411CA2CEA /* Frameworks */ = {
			isa = PBXGroup;
			children = (
				441E50241AB44B74AEBCE239 /* ImageIO.framework */,
				10BA188FC16E4FD1BF92C483 /* CoreLocation.framework */,
				03A5F4317448488A9A117C89 /* AVFoundation.framework */,
				F8756F8E96954CC78CFF2C88 /* AudioToolbox.framework */,
				A11C0E71241847849378B3BB /* WebKit.framework */,
				D67CF072AAE2491A9F2DCEE2 /* libz.tbd */,
				283A1E011FCA4E13B672B989 /* CoreNFC.framework */,
			);
			name = Frameworks;
			sourceTree = "<group>";
		};
		301BF52E109A57CC0062928A /* Products */ = {
			isa = PBXGroup;
			children = (
				301BF535109A57CC0062928A /* libCordova.a */,
			);
			name = Products;
			sourceTree = "<group>";
		};
		3047A50E1AB8057F00498E2A /* config */ = {
			isa = PBXGroup;
			children = (
				3047A50F1AB8059700498E2A /* build-debug.xcconfig */,
				3047A5101AB8059700498E2A /* build-release.xcconfig */,
				3047A5111AB8059700498E2A /* build.xcconfig */,
			);
			name = config;
			sourceTree = "<group>";
		};
		307C750510C5A3420062BCA9 /* Plugins */ = {
			isa = PBXGroup;
			children = (
				6710B713E36B483DB6845BE7 /* UIImage+CropScaleOrientation.m */,
				5445C9B83CD84AAB92C46BC8 /* CDVCamera.m */,
				D320D9BF35C44111B22F89CD /* CDVJpegHeaderWriter.m */,
				F40A97FB8ABA4311966DB93D /* UIImage+CropScaleOrientation.h */,
				B2B58A1CD5BC41F38A869FA0 /* CDVCamera.h */,
				50412166DFA641CBAB1518E6 /* CDVJpegHeaderWriter.h */,
				AEE0154A9C364E62AA82E842 /* CDVExif.h */,
				2C04FE7C4EE04B959BCB0FF3 /* CDVDevice.m */,
				12778B2C715F4CBDBE5CC46D /* CDVDevice.h */,
				BB9EDD9495564B8AA455257C /* CDVNotification.m */,
				9A1343CDE3624C5698413BD4 /* CDVNotification.h */,
				2CC1B6E1B1154656A4B36517 /* CDVFile.m */,
				A8A6BE6CC62E48ABB095680A /* CDVLocalFilesystem.m */,
				9788A0F31CFE436992D77E78 /* CDVAssetLibraryFilesystem.m */,
				7FDDE66D77B64AE9BD17A918 /* CDVFile.h */,
				CAF3D46260574877B1F63BCB /* CDVLocalFilesystem.h */,
				D68DE23F3C33423F85CA1615 /* CDVAssetLibraryFilesystem.h */,
				A061A80B375642C1B7D1988E /* CDVIonicKeyboard.m */,
				90B71293743D45A4B4866F5D /* CDVIonicKeyboard.h */,
				5BC4A4D0A3CF4629A21B39C3 /* CDVWKWebViewEngine.m */,
				467C4E89D52C4550B63B178F /* CDVWKWebViewUIDelegate.m */,
				85A036DBF87C456399B4C071 /* CDVWKProcessPoolFactory.m */,
				5190740DC208425B94FB8D53 /* GCDWebServer.m */,
				BEF600A103DE487ABC364A66 /* GCDWebServerConnection.m */,
				DB7163F7C9A14F0AB4C4357C /* GCDWebServerFunctions.m */,
				65F46B3805C245148958FA00 /* GCDWebServerRequest.m */,
				29D0CBFB3C5D420F83333648 /* GCDWebServerResponse.m */,
				013098F5C9D64710A5705B4A /* GCDWebServerDataRequest.m */,
				E116742E588147DE8848EC49 /* GCDWebServerFileRequest.m */,
				6900358AAC8A467BB1F19785 /* GCDWebServerMultiPartFormRequest.m */,
				A6186AE4BDDF4BBDA3CECB9F /* GCDWebServerURLEncodedFormRequest.m */,
				3030135C5AD643928CD7D211 /* GCDWebServerDataResponse.m */,
				E15E09B0D3C04F7BBCD4978B /* GCDWebServerErrorResponse.m */,
				66C1D3381BF84C548475143A /* GCDWebServerFileResponse.m */,
				45F62BD4AE46462FB42E2A23 /* GCDWebServerStreamedResponse.m */,
				1C11797D4A6B4BCCBE66B38D /* CDVWKWebViewEngine.h */,
				D85DA9BDAAA34CDF94704533 /* CDVWKWebViewUIDelegate.h */,
				4C509D0BED4649CEA5F6A605 /* CDVWKProcessPoolFactory.h */,
				7F470C3CBD5143D9A0A08FA3 /* GCDWebServer.h */,
				29BD51D63E0D4374B4316EFB /* GCDWebServerConnection.h */,
				7DD718962A39467A9C73F433 /* GCDWebServerFunctions.h */,
				0C439218F55D4CB7AEC6D7D7 /* GCDWebServerHTTPStatusCodes.h */,
				56CF2221214649D28A47483A /* GCDWebServerPrivate.h */,
				9D699F054F80472D8AADF9B9 /* GCDWebServerRequest.h */,
				7777DCD26F694B80A1257429 /* GCDWebServerResponse.h */,
				F636A00F6FA24054914D78C7 /* GCDWebServerDataRequest.h */,
				C3FF0684D7BD40CDAF122FD7 /* GCDWebServerFileRequest.h */,
				70D778E70BEA476194114C74 /* GCDWebServerMultiPartFormRequest.h */,
				654B2FE330E44F28B9392885 /* GCDWebServerURLEncodedFormRequest.h */,
				087C1CAC04EF4C9497AC9063 /* GCDWebServerDataResponse.h */,
				271386E4D1CC451996E81FE1 /* GCDWebServerErrorResponse.h */,
				7B40B49A919B4768BA0C0D45 /* GCDWebServerFileResponse.h */,
				AC192F11ED7A4C0CB2F26660 /* GCDWebServerStreamedResponse.h */,
				228DB99E11B448EEA29D39AD /* CDVSplashScreen.m */,
				38E297302A06428B81B26E75 /* CDVViewController+SplashScreen.m */,
				4E00C629ACC34E1B8B9B5C74 /* CDVSplashScreen.h */,
				390F8A5C14494BCDB50544A1 /* CDVViewController+SplashScreen.h */,
				125E13503C3D4B80823D0D5C /* CDVStatusBar.m */,
				C08543CA42CC44DE9DABC361 /* CDVStatusBar.h */,
				B7113DBE40EA44279644E4FA /* NfcPlugin.m */,
				98FF2436F44B41789AF5C5F5 /* NfcPlugin.h */,
				D7F3311C7E0B40208081DCD7 /* CDVBarcodeScanner.mm */,
			);
			name = Plugins;
			path = "NFC App/Plugins";
			sourceTree = SOURCE_ROOT;
		};
		EB87FDF11871DA420020F90C /* Staging */ = {
			isa = PBXGroup;
			children = (
				F840E1F0165FE0F500CFE078 /* config.xml */,
				301BF56E109A69640062928A /* www */,
			);
			name = Staging;
			sourceTree = "<group>";
		};
/* End PBXGroup section */

/* Begin PBXNativeTarget section */
		1D6058900D05DD3D006BFB54 /* NFC App */ = {
			isa = PBXNativeTarget;
			buildConfigurationList = 1D6058960D05DD3E006BFB54 /* Build configuration list for PBXNativeTarget "NFC App" */;
			buildPhases = (
				304B58A110DAC018002A0835 /* Copy www directory */,
				1D60588D0D05DD3D006BFB54 /* Resources */,
				1D60588E0D05DD3D006BFB54 /* Sources */,
				1D60588F0D05DD3D006BFB54 /* Frameworks */,
			);
			buildRules = (
			);
			dependencies = (
				301BF551109A68C00062928A /* PBXTargetDependency */,
			);
			name = "NFC App";
			productName = "NFC App";
			productReference = 1D6058910D05DD3D006BFB54 /* NFC App.app */;
			productType = "com.apple.product-type.application";
		};
/* End PBXNativeTarget section */

/* Begin PBXProject section */
		29B97313FDCFA39411CA2CEA /* Project object */ = {
			isa = PBXProject;
			attributes = {
				LastUpgradeCheck = 510;
			};
			buildConfigurationList = C01FCF4E08A954540054247B /* Build configuration list for PBXProject "__NON-CLI__" */;
			compatibilityVersion = "Xcode 3.2";
			developmentRegion = English;
			hasScannedForEncodings = 1;
			mainGroup = 29B97314FDCFA39411CA2CEA /* CustomTemplate */;
			projectDirPath = "";
			projectReferences = (
				{
					ProductGroup = 301BF52E109A57CC0062928A /* Products */;
					ProjectRef = 301BF52D109A57CC0062928A /* CordovaLib.xcodeproj */;
				},
			);
			projectRoot = "";
			targets = (
				1D6058900D05DD3D006BFB54 /* NFC App */,
			);
		};
/* End PBXProject section */

/* Begin PBXReferenceProxy section */
		301BF535109A57CC0062928A /* libCordova.a */ = {
			isa = PBXReferenceProxy;
			fileType = archive.ar;
			path = libCordova.a;
			remoteRef = 301BF534109A57CC0062928A /* PBXContainerItemProxy */;
			sourceTree = BUILT_PRODUCTS_DIR;
		};
/* End PBXReferenceProxy section */

/* Begin PBXResourcesBuildPhase section */
		1D60588D0D05DD3D006BFB54 /* Resources */ = {
			isa = PBXResourcesBuildPhase;
			buildActionMask = 2147483647;
			files = (
				302D95F214D2391D003F00A1 /* MainViewController.xib in Resources */,
				0207DA581B56EA530066E2B4 /* Images.xcassets in Resources */,
				6AFF5BF91D6E424B00AB3073 /* CDVLaunchScreen.storyboard in Resources */,
				F097C3A4C05D47F1BE54660D /* CDVNotification.bundle in Resources */,
				41543977F42E40A39E730581 /* scannerOverlay.xib in Resources */,
				5BB21E85D4F74ADBA524B14E /* CDVBarcodeScanner.bundle in Resources */,
			);
			runOnlyForDeploymentPostprocessing = 0;
		};
/* End PBXResourcesBuildPhase section */

/* Begin PBXShellScriptBuildPhase section */
		304B58A110DAC018002A0835 /* Copy www directory */ = {
			isa = PBXShellScriptBuildPhase;
			buildActionMask = 2147483647;
			files = (
			);
			inputPaths = (
			);
			name = "Copy www directory";
			outputPaths = (
			);
			runOnlyForDeploymentPostprocessing = 0;
			shellPath = /bin/sh;
			shellScript = "NODEJS_PATH=/usr/local/bin; NVM_NODE_PATH=~/.nvm/versions/node/`nvm version 2>/dev/null`/bin; N_NODE_PATH=`find /usr/local/n/versions/node/* -maxdepth 0 -type d 2>/dev/null | tail -1`/bin; XCODE_NODE_PATH=`xcode-select --print-path`/usr/share/xcs/Node/bin; PATH=$NODEJS_PATH:$NVM_NODE_PATH:$N_NODE_PATH:$XCODE_NODE_PATH:$PATH && node cordova/lib/copy-www-build-step.js";
			showEnvVarsInLog = 0;
		};
/* End PBXShellScriptBuildPhase section */

/* Begin PBXSourcesBuildPhase section */
		1D60588E0D05DD3D006BFB54 /* Sources */ = {
			isa = PBXSourcesBuildPhase;
			buildActionMask = 2147483647;
			files = (
				1D60589B0D05DD56006BFB54 /* main.m in Sources */,
				1D3623260D0F684500981E51 /* AppDelegate.m in Sources */,
				302D95F114D2391D003F00A1 /* MainViewController.m in Sources */,
				6BBCCFB60FC9414283678990 /* UIImage+CropScaleOrientation.m in Sources */,
				D02318071CE54D7899B13F43 /* CDVCamera.m in Sources */,
				83FFA2D46EC54838B97A4CDC /* CDVJpegHeaderWriter.m in Sources */,
				DD295E07BD4E408494AAEEC4 /* CDVDevice.m in Sources */,
				14E28555BA0241E7B685B72A /* CDVNotification.m in Sources */,
				E1DD15D7101044A09E3AEF8D /* CDVFile.m in Sources */,
				4E67663E2DDB4CF19042D0B7 /* CDVLocalFilesystem.m in Sources */,
				6ED0F180DB1B42DB8EDDDF3D /* CDVAssetLibraryFilesystem.m in Sources */,
				27A3F73A69E04AFFAF0D3302 /* CDVIonicKeyboard.m in Sources */,
				1549287F171246DCAA8D327F /* CDVWKWebViewEngine.m in Sources */,
				76DF0491A00841A7B57E7250 /* CDVWKWebViewUIDelegate.m in Sources */,
				4D1469E3DCBD4AD98DB9EB9B /* CDVWKProcessPoolFactory.m in Sources */,
				542095B8A0D44A58876E4092 /* GCDWebServer.m in Sources */,
				98D7DB830BD7476F8233912B /* GCDWebServerConnection.m in Sources */,
				739DC7DB391344B5957C1495 /* GCDWebServerFunctions.m in Sources */,
				468074BF652E486F8729C853 /* GCDWebServerRequest.m in Sources */,
				17ED038630914F769DE13C94 /* GCDWebServerResponse.m in Sources */,
				3668BBDEE23F451EBF94F9DC /* GCDWebServerDataRequest.m in Sources */,
				F1052D550F90484AA1314668 /* GCDWebServerFileRequest.m in Sources */,
				F1F791B2E7B44AC585B83722 /* GCDWebServerMultiPartFormRequest.m in Sources */,
				4A8C64FB84D84DD188339A7B /* GCDWebServerURLEncodedFormRequest.m in Sources */,
				591BBDCD0525461498176908 /* GCDWebServerDataResponse.m in Sources */,
				B4ACB549BE184FC183093EE4 /* GCDWebServerErrorResponse.m in Sources */,
				E331A11BBCC94743B4CCAEE7 /* GCDWebServerFileResponse.m in Sources */,
				B1AB48BAC489415F8641C6F5 /* GCDWebServerStreamedResponse.m in Sources */,
				D295463950F240FD99F06549 /* CDVSplashScreen.m in Sources */,
				EC56DD94A73640948C472D40 /* CDVViewController+SplashScreen.m in Sources */,
				3DFD861B43AB4EE38ED61E23 /* CDVStatusBar.m in Sources */,
				AB69DF1EFF014298BC121840 /* NfcPlugin.m in Sources */,
				D3A135DF434C4EB591DA7940 /* CDVBarcodeScanner.mm in Resources */,
			);
			runOnlyForDeploymentPostprocessing = 0;
		};
/* End PBXSourcesBuildPhase section */

/* Begin PBXTargetDependency section */
		301BF551109A68C00062928A /* PBXTargetDependency */ = {
			isa = PBXTargetDependency;
			name = CordovaLib;
			targetProxy = 301BF550109A68C00062928A /* PBXContainerItemProxy */;
		};
/* End PBXTargetDependency section */

/* Begin XCBuildConfiguration section */
		1D6058940D05DD3E006BFB54 /* Debug */ = {
			isa = XCBuildConfiguration;
			baseConfigurationReference = 3047A50F1AB8059700498E2A /* build-debug.xcconfig */;
			buildSettings = {
				ALWAYS_SEARCH_USER_PATHS = NO;
				ASSETCATALOG_COMPILER_APPICON_NAME = AppIcon;
				ASSETCATALOG_COMPILER_LAUNCHIMAGE_NAME = LaunchImage;
				CLANG_ENABLE_MODULES = YES;
				CLANG_ENABLE_OBJC_ARC = YES;
				COPY_PHASE_STRIP = NO;
				GCC_DYNAMIC_NO_PIC = NO;
				GCC_OPTIMIZATION_LEVEL = 0;
				GCC_PRECOMPILE_PREFIX_HEADER = YES;
				GCC_PREFIX_HEADER = "NFC App/NFC App-Prefix.pch";
				GCC_THUMB_SUPPORT = NO;
				GCC_VERSION = "";
				INFOPLIST_FILE = "NFC App/NFC App-Info.plist";
				IPHONEOS_DEPLOYMENT_TARGET = 9.0;
				LD_RUNPATH_SEARCH_PATHS = "@executable_path/Frameworks";
				TARGETED_DEVICE_FAMILY = "1,2";
				PRODUCT_NAME = "NFC App";
			};
			name = Debug;
		};
		1D6058950D05DD3E006BFB54 /* Release */ = {
			isa = XCBuildConfiguration;
			baseConfigurationReference = 3047A5101AB8059700498E2A /* build-release.xcconfig */;
			buildSettings = {
				ALWAYS_SEARCH_USER_PATHS = NO;
				ASSETCATALOG_COMPILER_APPICON_NAME = AppIcon;
				ASSETCATALOG_COMPILER_LAUNCHIMAGE_NAME = LaunchImage;
				CLANG_ENABLE_MODULES = YES;
				CLANG_ENABLE_OBJC_ARC = YES;
				COPY_PHASE_STRIP = YES;
				GCC_PRECOMPILE_PREFIX_HEADER = YES;
				GCC_PREFIX_HEADER = "NFC App/NFC App-Prefix.pch";
				GCC_THUMB_SUPPORT = NO;
				GCC_VERSION = "";
				INFOPLIST_FILE = "NFC App/NFC App-Info.plist";
				IPHONEOS_DEPLOYMENT_TARGET = 9.0;
				LD_RUNPATH_SEARCH_PATHS = "@executable_path/Frameworks";
				TARGETED_DEVICE_FAMILY = "1,2";
				PRODUCT_NAME = "NFC App";
			};
			name = Release;
		};
		C01FCF4F08A954540054247B /* Debug */ = {
			isa = XCBuildConfiguration;
			baseConfigurationReference = 3047A5111AB8059700498E2A /* build.xcconfig */;
			buildSettings = {
				CLANG_ENABLE_MODULES = YES;
				CLANG_ENABLE_OBJC_ARC = YES;
				CLANG_WARN_BOOL_CONVERSION = YES;
				CLANG_WARN_CONSTANT_CONVERSION = YES;
				CLANG_WARN_EMPTY_BODY = YES;
				CLANG_WARN_ENUM_CONVERSION = YES;
				CLANG_WARN_INT_CONVERSION = YES;
				CLANG_WARN__DUPLICATE_METHOD_MATCH = YES;
				GCC_C_LANGUAGE_STANDARD = c99;
				GCC_THUMB_SUPPORT = NO;
				GCC_VERSION = "";
				GCC_WARN_ABOUT_RETURN_TYPE = YES;
				GCC_WARN_UNDECLARED_SELECTOR = YES;
				GCC_WARN_UNINITIALIZED_AUTOS = YES;
				GCC_WARN_UNUSED_FUNCTION = YES;
				GCC_WARN_UNUSED_VARIABLE = YES;
				ONLY_ACTIVE_ARCH = YES;
				SDKROOT = iphoneos;
				SKIP_INSTALL = NO;
			};
			name = Debug;
		};
		C01FCF5008A954540054247B /* Release */ = {
			isa = XCBuildConfiguration;
			baseConfigurationReference = 3047A5111AB8059700498E2A /* build.xcconfig */;
			buildSettings = {
				CLANG_ENABLE_MODULES = YES;
				CLANG_ENABLE_OBJC_ARC = YES;
				CLANG_WARN_BOOL_CONVERSION = YES;
				CLANG_WARN_CONSTANT_CONVERSION = YES;
				CLANG_WARN_EMPTY_BODY = YES;
				CLANG_WARN_ENUM_CONVERSION = YES;
				CLANG_WARN_INT_CONVERSION = YES;
				CLANG_WARN__DUPLICATE_METHOD_MATCH = YES;
				GCC_C_LANGUAGE_STANDARD = c99;
				GCC_THUMB_SUPPORT = NO;
				GCC_VERSION = "";
				GCC_WARN_ABOUT_RETURN_TYPE = YES;
				GCC_WARN_UNDECLARED_SELECTOR = YES;
				GCC_WARN_UNINITIALIZED_AUTOS = YES;
				GCC_WARN_UNUSED_FUNCTION = YES;
				GCC_WARN_UNUSED_VARIABLE = YES;
				SDKROOT = iphoneos;
				SKIP_INSTALL = NO;
			};
			name = Release;
		};
/* End XCBuildConfiguration section */

/* Begin XCConfigurationList section */
		1D6058960D05DD3E006BFB54 /* Build configuration list for PBXNativeTarget "NFC App" */ = {
			isa = XCConfigurationList;
			buildConfigurations = (
				1D6058940D05DD3E006BFB54 /* Debug */,
				1D6058950D05DD3E006BFB54 /* Release */,
			);
			defaultConfigurationIsVisible = 0;
			defaultConfigurationName = Release;
		};
		C01FCF4E08A954540054247B /* Build configuration list for PBXProject "__NON-CLI__" */ = {
			isa = XCConfigurationList;
			buildConfigurations = (
				C01FCF4F08A954540054247B /* Debug */,
				C01FCF5008A954540054247B /* Release */,
			);
			defaultConfigurationIsVisible = 0;
			defaultConfigurationName = Release;
		};
/* End XCConfigurationList section */
	};
	rootObject = 29B97313FDCFA39411CA2CEA /* Project object */;
}
